// !$*UTF8*$!
{
	archiveVersion = 1;
	classes = {
	};
	objectVersion = 51;
	objects = {

/* Begin PBXBuildFile section */
		459BAA7611AD215CEDCE0585 /* Pods_YJUIKitDemo.framework in Frameworks */ = {isa = PBXBuildFile; fileRef = 06636AD2E8F0DD3694DA74CF /* Pods_YJUIKitDemo.framework */; };
		6C8CAAF1241213EC001240CE /* AppDelegate.m in Sources */ = {isa = PBXBuildFile; fileRef = 6C8CAAF0241213EC001240CE /* AppDelegate.m */; };
		6C8CAAF4241213EC001240CE /* ViewController.m in Sources */ = {isa = PBXBuildFile; fileRef = 6C8CAAF3241213EC001240CE /* ViewController.m */; };
		6C8CAAF7241213EC001240CE /* Main.storyboard in Resources */ = {isa = PBXBuildFile; fileRef = 6C8CAAF5241213EC001240CE /* Main.storyboard */; };
		6C8CAAF9241213ED001240CE /* Assets.xcassets in Resources */ = {isa = PBXBuildFile; fileRef = 6C8CAAF8241213ED001240CE /* Assets.xcassets */; };
		6C8CAAFC241213ED001240CE /* LaunchScreen.storyboard in Resources */ = {isa = PBXBuildFile; fileRef = 6C8CAAFA241213ED001240CE /* LaunchScreen.storyboard */; };
		6C8CAAFF241213ED001240CE /* main.m in Sources */ = {isa = PBXBuildFile; fileRef = 6C8CAAFE241213ED001240CE /* main.m */; };
		6C8CABFF2412264D001240CE /* libresolv.tbd in Frameworks */ = {isa = PBXBuildFile; fileRef = 6C8CABFE2412264D001240CE /* libresolv.tbd */; };
		6CD18BC92418FF7300F7859A /* YJScrollViewDelegate.m in Sources */ = {isa = PBXBuildFile; fileRef = 6CD18B0E2418FF7300F7859A /* YJScrollViewDelegate.m */; };
		6CD18BCA2418FF7300F7859A /* YJScrollViewViewModel.m in Sources */ = {isa = PBXBuildFile; fileRef = 6CD18B122418FF7300F7859A /* YJScrollViewViewModel.m */; };
		6CD18BCB2418FF7300F7859A /* YJScrollViewController.m in Sources */ = {isa = PBXBuildFile; fileRef = 6CD18B142418FF7300F7859A /* YJScrollViewController.m */; };
		6CD18BCC2418FF7300F7859A /* YJTextField.m in Sources */ = {isa = PBXBuildFile; fileRef = 6CD18B172418FF7300F7859A /* YJTextField.m */; };
		6CD18BCD2418FF7300F7859A /* YJPresentationController.m in Sources */ = {isa = PBXBuildFile; fileRef = 6CD18B1B2418FF7300F7859A /* YJPresentationController.m */; };
		6CD18BCE2418FF7300F7859A /* YJCollectionViewDelegate.m in Sources */ = {isa = PBXBuildFile; fileRef = 6CD18B1F2418FF7300F7859A /* YJCollectionViewDelegate.m */; };
		6CD18BCF2418FF7300F7859A /* YJCollectionViewDragDelegate.m in Sources */ = {isa = PBXBuildFile; fileRef = 6CD18B222418FF7300F7859A /* YJCollectionViewDragDelegate.m */; };
		6CD18BD02418FF7300F7859A /* YJCollectionViewViewModel.m in Sources */ = {isa = PBXBuildFile; fileRef = 6CD18B262418FF7300F7859A /* YJCollectionViewViewModel.m */; };
		6CD18BD12418FF7300F7859A /* YJCollectionViewDataSource.m in Sources */ = {isa = PBXBuildFile; fileRef = 6CD18B282418FF7300F7859A /* YJCollectionViewDataSource.m */; };
		6CD18BD22418FF7300F7859A /* YJCollectionViewDropDelegate.m in Sources */ = {isa = PBXBuildFile; fileRef = 6CD18B2B2418FF7300F7859A /* YJCollectionViewDropDelegate.m */; };
		6CD18BD32418FF7400F7859A /* YJCollectionViewController.m in Sources */ = {isa = PBXBuildFile; fileRef = 6CD18B2E2418FF7300F7859A /* YJCollectionViewController.m */; };
		6CD18BD42418FF7400F7859A /* YJWebViewNavigationDelegate.m in Sources */ = {isa = PBXBuildFile; fileRef = 6CD18B342418FF7300F7859A /* YJWebViewNavigationDelegate.m */; };
		6CD18BD52418FF7400F7859A /* YJWebViewViewModel.m in Sources */ = {isa = PBXBuildFile; fileRef = 6CD18B372418FF7300F7859A /* YJWebViewViewModel.m */; };
		6CD18BD62418FF7400F7859A /* YJWebViewUIDelegate.m in Sources */ = {isa = PBXBuildFile; fileRef = 6CD18B392418FF7300F7859A /* YJWebViewUIDelegate.m */; };
		6CD18BD72418FF7400F7859A /* YJWebViewController.m in Sources */ = {isa = PBXBuildFile; fileRef = 6CD18B3D2418FF7300F7859A /* YJWebViewController.m */; };
		6CD18BD82418FF7400F7859A /* YJTableViewDelegate.m in Sources */ = {isa = PBXBuildFile; fileRef = 6CD18B412418FF7300F7859A /* YJTableViewDelegate.m */; };
		6CD18BD92418FF7400F7859A /* YJTableViewDropDelegate.m in Sources */ = {isa = PBXBuildFile; fileRef = 6CD18B452418FF7300F7859A /* YJTableViewDropDelegate.m */; };
		6CD18BDA2418FF7400F7859A /* YJTableViewViewModel.m in Sources */ = {isa = PBXBuildFile; fileRef = 6CD18B472418FF7300F7859A /* YJTableViewViewModel.m */; };
		6CD18BDB2418FF7400F7859A /* YJTableViewDragDelegate.m in Sources */ = {isa = PBXBuildFile; fileRef = 6CD18B4B2418FF7300F7859A /* YJTableViewDragDelegate.m */; };
		6CD18BDC2418FF7400F7859A /* YJTableViewDataSource.m in Sources */ = {isa = PBXBuildFile; fileRef = 6CD18B4E2418FF7300F7859A /* YJTableViewDataSource.m */; };
		6CD18BDD2418FF7400F7859A /* YJTableViewController.m in Sources */ = {isa = PBXBuildFile; fileRef = 6CD18B512418FF7300F7859A /* YJTableViewController.m */; };
		6CD18BDE2418FF7400F7859A /* YJButton.m in Sources */ = {isa = PBXBuildFile; fileRef = 6CD18B532418FF7300F7859A /* YJButton.m */; };
		6CD18BDF2418FF7400F7859A /* YJNavigationController.m in Sources */ = {isa = PBXBuildFile; fileRef = 6CD18B572418FF7300F7859A /* YJNavigationController.m */; };
		6CD18BE02418FF7400F7859A /* YJAnimatorManager.m in Sources */ = {isa = PBXBuildFile; fileRef = 6CD18B5A2418FF7300F7859A /* YJAnimatorManager.m */; };
		6CD18BE12418FF7400F7859A /* YJToolBarListView.m in Sources */ = {isa = PBXBuildFile; fileRef = 6CD18B5C2418FF7300F7859A /* YJToolBarListView.m */; };
		6CD18BE22418FF7400F7859A /* YJPickerTransitioningDelegate.m in Sources */ = {isa = PBXBuildFile; fileRef = 6CD18B612418FF7300F7859A /* YJPickerTransitioningDelegate.m */; };
		6CD18BE32418FF7400F7859A /* YJPickerDelegate.m in Sources */ = {isa = PBXBuildFile; fileRef = 6CD18B642418FF7300F7859A /* YJPickerDelegate.m */; };
		6CD18BE42418FF7400F7859A /* YJPickerDataSource.m in Sources */ = {isa = PBXBuildFile; fileRef = 6CD18B672418FF7300F7859A /* YJPickerDataSource.m */; };
		6CD18BE52418FF7400F7859A /* YJPickerViewModel.m in Sources */ = {isa = PBXBuildFile; fileRef = 6CD18B6B2418FF7300F7859A /* YJPickerViewModel.m */; };
		6CD18BE62418FF7400F7859A /* YJPickerController.m in Sources */ = {isa = PBXBuildFile; fileRef = 6CD18B6D2418FF7300F7859A /* YJPickerController.m */; };
		6CD18BE72418FF7400F7859A /* YJPickerView.m in Sources */ = {isa = PBXBuildFile; fileRef = 6CD18B722418FF7300F7859A /* YJPickerView.m */; };
		6CD18BE82418FF7400F7859A /* YJPickerToolView.m in Sources */ = {isa = PBXBuildFile; fileRef = 6CD18B742418FF7300F7859A /* YJPickerToolView.m */; };
		6CD18BE92418FF7400F7859A /* YJScanQRCodeController.m in Sources */ = {isa = PBXBuildFile; fileRef = 6CD18B782418FF7300F7859A /* YJScanQRCodeController.m */; };
		6CD18BEA2418FF7400F7859A /* YJScanQRCodeView.m in Sources */ = {isa = PBXBuildFile; fileRef = 6CD18B7B2418FF7300F7859A /* YJScanQRCodeView.m */; };
		6CD18BEB2418FF7400F7859A /* NSObject+YJObject.m in Sources */ = {isa = PBXBuildFile; fileRef = 6CD18B802418FF7300F7859A /* NSObject+YJObject.m */; };
		6CD18BEC2418FF7400F7859A /* UIFont+YJFont.m in Sources */ = {isa = PBXBuildFile; fileRef = 6CD18B832418FF7300F7859A /* UIFont+YJFont.m */; };
		6CD18BED2418FF7400F7859A /* UIScrollView+YJScrollView.m in Sources */ = {isa = PBXBuildFile; fileRef = 6CD18B862418FF7300F7859A /* UIScrollView+YJScrollView.m */; };
		6CD18BEE2418FF7400F7859A /* UIBarButtonItem+YJBarButtonItem.m in Sources */ = {isa = PBXBuildFile; fileRef = 6CD18B882418FF7300F7859A /* UIBarButtonItem+YJBarButtonItem.m */; };
		6CD18BEF2418FF7400F7859A /* UIImage+YJImage.m in Sources */ = {isa = PBXBuildFile; fileRef = 6CD18B8B2418FF7300F7859A /* UIImage+YJImage.m */; };
		6CD18BF02418FF7400F7859A /* UIButton+YJButton.m in Sources */ = {isa = PBXBuildFile; fileRef = 6CD18B8E2418FF7300F7859A /* UIButton+YJButton.m */; };
		6CD18BF12418FF7400F7859A /* UITableView+YJTableView.m in Sources */ = {isa = PBXBuildFile; fileRef = 6CD18B912418FF7300F7859A /* UITableView+YJTableView.m */; };
		6CD18BF22418FF7400F7859A /* UIView+YJView.m in Sources */ = {isa = PBXBuildFile; fileRef = 6CD18B942418FF7300F7859A /* UIView+YJView.m */; };
		6CD18BF32418FF7400F7859A /* CALayer+YJLayer.m in Sources */ = {isa = PBXBuildFile; fileRef = 6CD18B982418FF7300F7859A /* CALayer+YJLayer.m */; };
		6CD18BF42418FF7400F7859A /* UIAlertController+YJAlertController.m in Sources */ = {isa = PBXBuildFile; fileRef = 6CD18B9B2418FF7300F7859A /* UIAlertController+YJAlertController.m */; };
		6CD18BF52418FF7400F7859A /* UIDevice+YJDevice.m in Sources */ = {isa = PBXBuildFile; fileRef = 6CD18B9E2418FF7300F7859A /* UIDevice+YJDevice.m */; };
		6CD18BF62418FF7400F7859A /* UINavigationItem+YJNavigationItem.m in Sources */ = {isa = PBXBuildFile; fileRef = 6CD18BA02418FF7300F7859A /* UINavigationItem+YJNavigationItem.m */; };
		6CD18BF72418FF7400F7859A /* UINavigationController+YJNavigationController.m in Sources */ = {isa = PBXBuildFile; fileRef = 6CD18BA42418FF7300F7859A /* UINavigationController+YJNavigationController.m */; };
		6CD18BF82418FF7400F7859A /* UIControl+YJControl.m in Sources */ = {isa = PBXBuildFile; fileRef = 6CD18BA72418FF7300F7859A /* UIControl+YJControl.m */; };
		6CD18BF92418FF7400F7859A /* UIViewController+YJViewController.m in Sources */ = {isa = PBXBuildFile; fileRef = 6CD18BAA2418FF7300F7859A /* UIViewController+YJViewController.m */; };
		6CD18BFA2418FF7400F7859A /* UIApplication+YJApplication.m in Sources */ = {isa = PBXBuildFile; fileRef = 6CD18BAD2418FF7300F7859A /* UIApplication+YJApplication.m */; };
		6CD18BFB2418FF7400F7859A /* UICollectionView+YJCollectionView.m in Sources */ = {isa = PBXBuildFile; fileRef = 6CD18BAF2418FF7300F7859A /* UICollectionView+YJCollectionView.m */; };
		6CD18BFC2418FF7400F7859A /* UIScreen+YJScreen.m in Sources */ = {isa = PBXBuildFile; fileRef = 6CD18BB22418FF7300F7859A /* UIScreen+YJScreen.m */; };
		6CD18BFD2418FF7400F7859A /* UILabel+YJLabel.m in Sources */ = {isa = PBXBuildFile; fileRef = 6CD18BB62418FF7300F7859A /* UILabel+YJLabel.m */; };
		6CD18BFE2418FF7400F7859A /* UIBarItem+YJBarItem.m in Sources */ = {isa = PBXBuildFile; fileRef = 6CD18BB82418FF7300F7859A /* UIBarItem+YJBarItem.m */; };
		6CD18BFF2418FF7400F7859A /* UIColor+YJColor.m in Sources */ = {isa = PBXBuildFile; fileRef = 6CD18BBB2418FF7300F7859A /* UIColor+YJColor.m */; };
		6CD18C002418FF7400F7859A /* YJViewControllerViewModel.m in Sources */ = {isa = PBXBuildFile; fileRef = 6CD18BC12418FF7300F7859A /* YJViewControllerViewModel.m */; };
		6CD18C012418FF7400F7859A /* YJViewControllerTransitioningDelegate.m in Sources */ = {isa = PBXBuildFile; fileRef = 6CD18BC42418FF7300F7859A /* YJViewControllerTransitioningDelegate.m */; };
		6CD18C022418FF7400F7859A /* YJViewController.m in Sources */ = {isa = PBXBuildFile; fileRef = 6CD18BC82418FF7300F7859A /* YJViewController.m */; };
/* End PBXBuildFile section */

/* Begin PBXFileReference section */
		06636AD2E8F0DD3694DA74CF /* Pods_YJUIKitDemo.framework */ = {isa = PBXFileReference; explicitFileType = wrapper.framework; includeInIndex = 0; path = Pods_YJUIKitDemo.framework; sourceTree = BUILT_PRODUCTS_DIR; };
		5FBCD0050623EF943E19D04C /* Pods-YJUIKitDemo.release.xcconfig */ = {isa = PBXFileReference; includeInIndex = 1; lastKnownFileType = text.xcconfig; name = "Pods-YJUIKitDemo.release.xcconfig"; path = "Target Support Files/Pods-YJUIKitDemo/Pods-YJUIKitDemo.release.xcconfig"; sourceTree = "<group>"; };
		680C0841B2866A7A7F7247BD /* Pods-YJUIKitDemo.debug.xcconfig */ = {isa = PBXFileReference; includeInIndex = 1; lastKnownFileType = text.xcconfig; name = "Pods-YJUIKitDemo.debug.xcconfig"; path = "Target Support Files/Pods-YJUIKitDemo/Pods-YJUIKitDemo.debug.xcconfig"; sourceTree = "<group>"; };
		6C8CAAEC241213EC001240CE /* YJUIKitDemo.app */ = {isa = PBXFileReference; explicitFileType = wrapper.application; includeInIndex = 0; path = YJUIKitDemo.app; sourceTree = BUILT_PRODUCTS_DIR; };
		6C8CAAEF241213EC001240CE /* AppDelegate.h */ = {isa = PBXFileReference; lastKnownFileType = sourcecode.c.h; path = AppDelegate.h; sourceTree = "<group>"; };
		6C8CAAF0241213EC001240CE /* AppDelegate.m */ = {isa = PBXFileReference; lastKnownFileType = sourcecode.c.objc; path = AppDelegate.m; sourceTree = "<group>"; };
		6C8CAAF2241213EC001240CE /* ViewController.h */ = {isa = PBXFileReference; lastKnownFileType = sourcecode.c.h; path = ViewController.h; sourceTree = "<group>"; };
		6C8CAAF3241213EC001240CE /* ViewController.m */ = {isa = PBXFileReference; lastKnownFileType = sourcecode.c.objc; path = ViewController.m; sourceTree = "<group>"; };
		6C8CAAF6241213EC001240CE /* Base */ = {isa = PBXFileReference; lastKnownFileType = file.storyboard; name = Base; path = Base.lproj/Main.storyboard; sourceTree = "<group>"; };
		6C8CAAF8241213ED001240CE /* Assets.xcassets */ = {isa = PBXFileReference; lastKnownFileType = folder.assetcatalog; path = Assets.xcassets; sourceTree = "<group>"; };
		6C8CAAFB241213ED001240CE /* Base */ = {isa = PBXFileReference; lastKnownFileType = file.storyboard; name = Base; path = Base.lproj/LaunchScreen.storyboard; sourceTree = "<group>"; };
		6C8CAAFD241213ED001240CE /* Info.plist */ = {isa = PBXFileReference; lastKnownFileType = text.plist.xml; path = Info.plist; sourceTree = "<group>"; };
		6C8CAAFE241213ED001240CE /* main.m */ = {isa = PBXFileReference; lastKnownFileType = sourcecode.c.objc; path = main.m; sourceTree = "<group>"; };
		6C8CABFE2412264D001240CE /* libresolv.tbd */ = {isa = PBXFileReference; lastKnownFileType = "sourcecode.text-based-dylib-definition"; name = libresolv.tbd; path = usr/lib/libresolv.tbd; sourceTree = SDKROOT; };
		6C8CAC0024122746001240CE /* PrefixHeader.pch */ = {isa = PBXFileReference; lastKnownFileType = sourcecode.c.h; path = PrefixHeader.pch; sourceTree = "<group>"; };
		6CD18B0E2418FF7300F7859A /* YJScrollViewDelegate.m */ = {isa = PBXFileReference; fileEncoding = 4; lastKnownFileType = sourcecode.c.objc; path = YJScrollViewDelegate.m; sourceTree = "<group>"; };
		6CD18B0F2418FF7300F7859A /* YJScrollViewDelegate.h */ = {isa = PBXFileReference; fileEncoding = 4; lastKnownFileType = sourcecode.c.h; path = YJScrollViewDelegate.h; sourceTree = "<group>"; };
		6CD18B112418FF7300F7859A /* YJScrollViewViewModel.h */ = {isa = PBXFileReference; fileEncoding = 4; lastKnownFileType = sourcecode.c.h; path = YJScrollViewViewModel.h; sourceTree = "<group>"; };
		6CD18B122418FF7300F7859A /* YJScrollViewViewModel.m */ = {isa = PBXFileReference; fileEncoding = 4; lastKnownFileType = sourcecode.c.objc; path = YJScrollViewViewModel.m; sourceTree = "<group>"; };
		6CD18B142418FF7300F7859A /* YJScrollViewController.m */ = {isa = PBXFileReference; fileEncoding = 4; lastKnownFileType = sourcecode.c.objc; path = YJScrollViewController.m; sourceTree = "<group>"; };
		6CD18B152418FF7300F7859A /* YJScrollViewController.h */ = {isa = PBXFileReference; fileEncoding = 4; lastKnownFileType = sourcecode.c.h; path = YJScrollViewController.h; sourceTree = "<group>"; };
		6CD18B172418FF7300F7859A /* YJTextField.m */ = {isa = PBXFileReference; fileEncoding = 4; lastKnownFileType = sourcecode.c.objc; path = YJTextField.m; sourceTree = "<group>"; };
		6CD18B182418FF7300F7859A /* YJTextField.h */ = {isa = PBXFileReference; fileEncoding = 4; lastKnownFileType = sourcecode.c.h; path = YJTextField.h; sourceTree = "<group>"; };
		6CD18B1A2418FF7300F7859A /* YJPresentationController.h */ = {isa = PBXFileReference; fileEncoding = 4; lastKnownFileType = sourcecode.c.h; path = YJPresentationController.h; sourceTree = "<group>"; };
		6CD18B1B2418FF7300F7859A /* YJPresentationController.m */ = {isa = PBXFileReference; fileEncoding = 4; lastKnownFileType = sourcecode.c.objc; path = YJPresentationController.m; sourceTree = "<group>"; };
		6CD18B1F2418FF7300F7859A /* YJCollectionViewDelegate.m */ = {isa = PBXFileReference; fileEncoding = 4; lastKnownFileType = sourcecode.c.objc; path = YJCollectionViewDelegate.m; sourceTree = "<group>"; };
		6CD18B202418FF7300F7859A /* YJCollectionViewDelegate.h */ = {isa = PBXFileReference; fileEncoding = 4; lastKnownFileType = sourcecode.c.h; path = YJCollectionViewDelegate.h; sourceTree = "<group>"; };
		6CD18B222418FF7300F7859A /* YJCollectionViewDragDelegate.m */ = {isa = PBXFileReference; fileEncoding = 4; lastKnownFileType = sourcecode.c.objc; path = YJCollectionViewDragDelegate.m; sourceTree = "<group>"; };
		6CD18B232418FF7300F7859A /* YJCollectionViewDragDelegate.h */ = {isa = PBXFileReference; fileEncoding = 4; lastKnownFileType = sourcecode.c.h; path = YJCollectionViewDragDelegate.h; sourceTree = "<group>"; };
		6CD18B252418FF7300F7859A /* YJCollectionViewViewModel.h */ = {isa = PBXFileReference; fileEncoding = 4; lastKnownFileType = sourcecode.c.h; path = YJCollectionViewViewModel.h; sourceTree = "<group>"; };
		6CD18B262418FF7300F7859A /* YJCollectionViewViewModel.m */ = {isa = PBXFileReference; fileEncoding = 4; lastKnownFileType = sourcecode.c.objc; path = YJCollectionViewViewModel.m; sourceTree = "<group>"; };
		6CD18B282418FF7300F7859A /* YJCollectionViewDataSource.m */ = {isa = PBXFileReference; fileEncoding = 4; lastKnownFileType = sourcecode.c.objc; path = YJCollectionViewDataSource.m; sourceTree = "<group>"; };
		6CD18B292418FF7300F7859A /* YJCollectionViewDataSource.h */ = {isa = PBXFileReference; fileEncoding = 4; lastKnownFileType = sourcecode.c.h; path = YJCollectionViewDataSource.h; sourceTree = "<group>"; };
		6CD18B2B2418FF7300F7859A /* YJCollectionViewDropDelegate.m */ = {isa = PBXFileReference; fileEncoding = 4; lastKnownFileType = sourcecode.c.objc; path = YJCollectionViewDropDelegate.m; sourceTree = "<group>"; };
		6CD18B2C2418FF7300F7859A /* YJCollectionViewDropDelegate.h */ = {isa = PBXFileReference; fileEncoding = 4; lastKnownFileType = sourcecode.c.h; path = YJCollectionViewDropDelegate.h; sourceTree = "<group>"; };
		6CD18B2E2418FF7300F7859A /* YJCollectionViewController.m */ = {isa = PBXFileReference; fileEncoding = 4; lastKnownFileType = sourcecode.c.objc; path = YJCollectionViewController.m; sourceTree = "<group>"; };
		6CD18B2F2418FF7300F7859A /* YJCollectionViewController.h */ = {isa = PBXFileReference; fileEncoding = 4; lastKnownFileType = sourcecode.c.h; path = YJCollectionViewController.h; sourceTree = "<group>"; };
		6CD18B332418FF7300F7859A /* YJWebViewNavigationDelegate.h */ = {isa = PBXFileReference; fileEncoding = 4; lastKnownFileType = sourcecode.c.h; path = YJWebViewNavigationDelegate.h; sourceTree = "<group>"; };
		6CD18B342418FF7300F7859A /* YJWebViewNavigationDelegate.m */ = {isa = PBXFileReference; fileEncoding = 4; lastKnownFileType = sourcecode.c.objc; path = YJWebViewNavigationDelegate.m; sourceTree = "<group>"; };
		6CD18B362418FF7300F7859A /* YJWebViewViewModel.h */ = {isa = PBXFileReference; fileEncoding = 4; lastKnownFileType = sourcecode.c.h; path = YJWebViewViewModel.h; sourceTree = "<group>"; };
		6CD18B372418FF7300F7859A /* YJWebViewViewModel.m */ = {isa = PBXFileReference; fileEncoding = 4; lastKnownFileType = sourcecode.c.objc; path = YJWebViewViewModel.m; sourceTree = "<group>"; };
		6CD18B392418FF7300F7859A /* YJWebViewUIDelegate.m */ = {isa = PBXFileReference; fileEncoding = 4; lastKnownFileType = sourcecode.c.objc; path = YJWebViewUIDelegate.m; sourceTree = "<group>"; };
		6CD18B3A2418FF7300F7859A /* YJWebViewUIDelegate.h */ = {isa = PBXFileReference; fileEncoding = 4; lastKnownFileType = sourcecode.c.h; path = YJWebViewUIDelegate.h; sourceTree = "<group>"; };
		6CD18B3C2418FF7300F7859A /* YJWebViewController.h */ = {isa = PBXFileReference; fileEncoding = 4; lastKnownFileType = sourcecode.c.h; path = YJWebViewController.h; sourceTree = "<group>"; };
		6CD18B3D2418FF7300F7859A /* YJWebViewController.m */ = {isa = PBXFileReference; fileEncoding = 4; lastKnownFileType = sourcecode.c.objc; path = YJWebViewController.m; sourceTree = "<group>"; };
		6CD18B412418FF7300F7859A /* YJTableViewDelegate.m */ = {isa = PBXFileReference; fileEncoding = 4; lastKnownFileType = sourcecode.c.objc; path = YJTableViewDelegate.m; sourceTree = "<group>"; };
		6CD18B422418FF7300F7859A /* YJTableViewDelegate.h */ = {isa = PBXFileReference; fileEncoding = 4; lastKnownFileType = sourcecode.c.h; path = YJTableViewDelegate.h; sourceTree = "<group>"; };
		6CD18B442418FF7300F7859A /* YJTableViewDropDelegate.h */ = {isa = PBXFileReference; fileEncoding = 4; lastKnownFileType = sourcecode.c.h; path = YJTableViewDropDelegate.h; sourceTree = "<group>"; };
		6CD18B452418FF7300F7859A /* YJTableViewDropDelegate.m */ = {isa = PBXFileReference; fileEncoding = 4; lastKnownFileType = sourcecode.c.objc; path = YJTableViewDropDelegate.m; sourceTree = "<group>"; };
		6CD18B472418FF7300F7859A /* YJTableViewViewModel.m */ = {isa = PBXFileReference; fileEncoding = 4; lastKnownFileType = sourcecode.c.objc; path = YJTableViewViewModel.m; sourceTree = "<group>"; };
		6CD18B482418FF7300F7859A /* YJTableViewViewModel.h */ = {isa = PBXFileReference; fileEncoding = 4; lastKnownFileType = sourcecode.c.h; path = YJTableViewViewModel.h; sourceTree = "<group>"; };
		6CD18B4A2418FF7300F7859A /* YJTableViewDragDelegate.h */ = {isa = PBXFileReference; fileEncoding = 4; lastKnownFileType = sourcecode.c.h; path = YJTableViewDragDelegate.h; sourceTree = "<group>"; };
		6CD18B4B2418FF7300F7859A /* YJTableViewDragDelegate.m */ = {isa = PBXFileReference; fileEncoding = 4; lastKnownFileType = sourcecode.c.objc; path = YJTableViewDragDelegate.m; sourceTree = "<group>"; };
		6CD18B4D2418FF7300F7859A /* YJTableViewDataSource.h */ = {isa = PBXFileReference; fileEncoding = 4; lastKnownFileType = sourcecode.c.h; path = YJTableViewDataSource.h; sourceTree = "<group>"; };
		6CD18B4E2418FF7300F7859A /* YJTableViewDataSource.m */ = {isa = PBXFileReference; fileEncoding = 4; lastKnownFileType = sourcecode.c.objc; path = YJTableViewDataSource.m; sourceTree = "<group>"; };
		6CD18B502418FF7300F7859A /* YJTableViewController.h */ = {isa = PBXFileReference; fileEncoding = 4; lastKnownFileType = sourcecode.c.h; path = YJTableViewController.h; sourceTree = "<group>"; };
		6CD18B512418FF7300F7859A /* YJTableViewController.m */ = {isa = PBXFileReference; fileEncoding = 4; lastKnownFileType = sourcecode.c.objc; path = YJTableViewController.m; sourceTree = "<group>"; };
		6CD18B532418FF7300F7859A /* YJButton.m */ = {isa = PBXFileReference; fileEncoding = 4; lastKnownFileType = sourcecode.c.objc; path = YJButton.m; sourceTree = "<group>"; };
		6CD18B542418FF7300F7859A /* YJButton.h */ = {isa = PBXFileReference; fileEncoding = 4; lastKnownFileType = sourcecode.c.h; path = YJButton.h; sourceTree = "<group>"; };
		6CD18B562418FF7300F7859A /* YJNavigationController.h */ = {isa = PBXFileReference; fileEncoding = 4; lastKnownFileType = sourcecode.c.h; path = YJNavigationController.h; sourceTree = "<group>"; };
		6CD18B572418FF7300F7859A /* YJNavigationController.m */ = {isa = PBXFileReference; fileEncoding = 4; lastKnownFileType = sourcecode.c.objc; path = YJNavigationController.m; sourceTree = "<group>"; };
		6CD18B592418FF7300F7859A /* YJAnimatorManager.h */ = {isa = PBXFileReference; fileEncoding = 4; lastKnownFileType = sourcecode.c.h; path = YJAnimatorManager.h; sourceTree = "<group>"; };
		6CD18B5A2418FF7300F7859A /* YJAnimatorManager.m */ = {isa = PBXFileReference; fileEncoding = 4; lastKnownFileType = sourcecode.c.objc; path = YJAnimatorManager.m; sourceTree = "<group>"; };
		6CD18B5C2418FF7300F7859A /* YJToolBarListView.m */ = {isa = PBXFileReference; fileEncoding = 4; lastKnownFileType = sourcecode.c.objc; path = YJToolBarListView.m; sourceTree = "<group>"; };
		6CD18B5D2418FF7300F7859A /* YJToolBarListView.h */ = {isa = PBXFileReference; fileEncoding = 4; lastKnownFileType = sourcecode.c.h; path = YJToolBarListView.h; sourceTree = "<group>"; };
		6CD18B612418FF7300F7859A /* YJPickerTransitioningDelegate.m */ = {isa = PBXFileReference; fileEncoding = 4; lastKnownFileType = sourcecode.c.objc; path = YJPickerTransitioningDelegate.m; sourceTree = "<group>"; };
		6CD18B622418FF7300F7859A /* YJPickerTransitioningDelegate.h */ = {isa = PBXFileReference; fileEncoding = 4; lastKnownFileType = sourcecode.c.h; path = YJPickerTransitioningDelegate.h; sourceTree = "<group>"; };
		6CD18B642418FF7300F7859A /* YJPickerDelegate.m */ = {isa = PBXFileReference; fileEncoding = 4; lastKnownFileType = sourcecode.c.objc; path = YJPickerDelegate.m; sourceTree = "<group>"; };
		6CD18B652418FF7300F7859A /* YJPickerDelegate.h */ = {isa = PBXFileReference; fileEncoding = 4; lastKnownFileType = sourcecode.c.h; path = YJPickerDelegate.h; sourceTree = "<group>"; };
		6CD18B672418FF7300F7859A /* YJPickerDataSource.m */ = {isa = PBXFileReference; fileEncoding = 4; lastKnownFileType = sourcecode.c.objc; path = YJPickerDataSource.m; sourceTree = "<group>"; };
		6CD18B682418FF7300F7859A /* YJPickerDataSource.h */ = {isa = PBXFileReference; fileEncoding = 4; lastKnownFileType = sourcecode.c.h; path = YJPickerDataSource.h; sourceTree = "<group>"; };
		6CD18B6A2418FF7300F7859A /* YJPickerViewModel.h */ = {isa = PBXFileReference; fileEncoding = 4; lastKnownFileType = sourcecode.c.h; path = YJPickerViewModel.h; sourceTree = "<group>"; };
		6CD18B6B2418FF7300F7859A /* YJPickerViewModel.m */ = {isa = PBXFileReference; fileEncoding = 4; lastKnownFileType = sourcecode.c.objc; path = YJPickerViewModel.m; sourceTree = "<group>"; };
		6CD18B6D2418FF7300F7859A /* YJPickerController.m */ = {isa = PBXFileReference; fileEncoding = 4; lastKnownFileType = sourcecode.c.objc; path = YJPickerController.m; sourceTree = "<group>"; };
		6CD18B6E2418FF7300F7859A /* YJPickerController.h */ = {isa = PBXFileReference; fileEncoding = 4; lastKnownFileType = sourcecode.c.h; path = YJPickerController.h; sourceTree = "<group>"; };
		6CD18B712418FF7300F7859A /* YJPickerView.h */ = {isa = PBXFileReference; fileEncoding = 4; lastKnownFileType = sourcecode.c.h; path = YJPickerView.h; sourceTree = "<group>"; };
		6CD18B722418FF7300F7859A /* YJPickerView.m */ = {isa = PBXFileReference; fileEncoding = 4; lastKnownFileType = sourcecode.c.objc; path = YJPickerView.m; sourceTree = "<group>"; };
		6CD18B742418FF7300F7859A /* YJPickerToolView.m */ = {isa = PBXFileReference; fileEncoding = 4; lastKnownFileType = sourcecode.c.objc; path = YJPickerToolView.m; sourceTree = "<group>"; };
		6CD18B752418FF7300F7859A /* YJPickerToolView.h */ = {isa = PBXFileReference; fileEncoding = 4; lastKnownFileType = sourcecode.c.h; path = YJPickerToolView.h; sourceTree = "<group>"; };
		6CD18B782418FF7300F7859A /* YJScanQRCodeController.m */ = {isa = PBXFileReference; fileEncoding = 4; lastKnownFileType = sourcecode.c.objc; path = YJScanQRCodeController.m; sourceTree = "<group>"; };
		6CD18B792418FF7300F7859A /* YJScanQRCodeController.h */ = {isa = PBXFileReference; fileEncoding = 4; lastKnownFileType = sourcecode.c.h; path = YJScanQRCodeController.h; sourceTree = "<group>"; };
		6CD18B7B2418FF7300F7859A /* YJScanQRCodeView.m */ = {isa = PBXFileReference; fileEncoding = 4; lastKnownFileType = sourcecode.c.objc; path = YJScanQRCodeView.m; sourceTree = "<group>"; };
		6CD18B7C2418FF7300F7859A /* YJScanQRCodeView.h */ = {isa = PBXFileReference; fileEncoding = 4; lastKnownFileType = sourcecode.c.h; path = YJScanQRCodeView.h; sourceTree = "<group>"; };
		6CD18B7F2418FF7300F7859A /* NSObject+YJObject.h */ = {isa = PBXFileReference; fileEncoding = 4; lastKnownFileType = sourcecode.c.h; path = "NSObject+YJObject.h"; sourceTree = "<group>"; };
		6CD18B802418FF7300F7859A /* NSObject+YJObject.m */ = {isa = PBXFileReference; fileEncoding = 4; lastKnownFileType = sourcecode.c.objc; path = "NSObject+YJObject.m"; sourceTree = "<group>"; };
		6CD18B822418FF7300F7859A /* UIFont+YJFont.h */ = {isa = PBXFileReference; fileEncoding = 4; lastKnownFileType = sourcecode.c.h; path = "UIFont+YJFont.h"; sourceTree = "<group>"; };
		6CD18B832418FF7300F7859A /* UIFont+YJFont.m */ = {isa = PBXFileReference; fileEncoding = 4; lastKnownFileType = sourcecode.c.objc; path = "UIFont+YJFont.m"; sourceTree = "<group>"; };
		6CD18B852418FF7300F7859A /* UIScrollView+YJScrollView.h */ = {isa = PBXFileReference; fileEncoding = 4; lastKnownFileType = sourcecode.c.h; path = "UIScrollView+YJScrollView.h"; sourceTree = "<group>"; };
		6CD18B862418FF7300F7859A /* UIScrollView+YJScrollView.m */ = {isa = PBXFileReference; fileEncoding = 4; lastKnownFileType = sourcecode.c.objc; path = "UIScrollView+YJScrollView.m"; sourceTree = "<group>"; };
		6CD18B882418FF7300F7859A /* UIBarButtonItem+YJBarButtonItem.m */ = {isa = PBXFileReference; fileEncoding = 4; lastKnownFileType = sourcecode.c.objc; path = "UIBarButtonItem+YJBarButtonItem.m"; sourceTree = "<group>"; };
		6CD18B892418FF7300F7859A /* UIBarButtonItem+YJBarButtonItem.h */ = {isa = PBXFileReference; fileEncoding = 4; lastKnownFileType = sourcecode.c.h; path = "UIBarButtonItem+YJBarButtonItem.h"; sourceTree = "<group>"; };
		6CD18B8B2418FF7300F7859A /* UIImage+YJImage.m */ = {isa = PBXFileReference; fileEncoding = 4; lastKnownFileType = sourcecode.c.objc; path = "UIImage+YJImage.m"; sourceTree = "<group>"; };
		6CD18B8C2418FF7300F7859A /* UIImage+YJImage.h */ = {isa = PBXFileReference; fileEncoding = 4; lastKnownFileType = sourcecode.c.h; path = "UIImage+YJImage.h"; sourceTree = "<group>"; };
		6CD18B8E2418FF7300F7859A /* UIButton+YJButton.m */ = {isa = PBXFileReference; fileEncoding = 4; lastKnownFileType = sourcecode.c.objc; path = "UIButton+YJButton.m"; sourceTree = "<group>"; };
		6CD18B8F2418FF7300F7859A /* UIButton+YJButton.h */ = {isa = PBXFileReference; fileEncoding = 4; lastKnownFileType = sourcecode.c.h; path = "UIButton+YJButton.h"; sourceTree = "<group>"; };
		6CD18B912418FF7300F7859A /* UITableView+YJTableView.m */ = {isa = PBXFileReference; fileEncoding = 4; lastKnownFileType = sourcecode.c.objc; path = "UITableView+YJTableView.m"; sourceTree = "<group>"; };
		6CD18B922418FF7300F7859A /* UITableView+YJTableView.h */ = {isa = PBXFileReference; fileEncoding = 4; lastKnownFileType = sourcecode.c.h; path = "UITableView+YJTableView.h"; sourceTree = "<group>"; };
		6CD18B942418FF7300F7859A /* UIView+YJView.m */ = {isa = PBXFileReference; fileEncoding = 4; lastKnownFileType = sourcecode.c.objc; path = "UIView+YJView.m"; sourceTree = "<group>"; };
		6CD18B952418FF7300F7859A /* UIView+YJView.h */ = {isa = PBXFileReference; fileEncoding = 4; lastKnownFileType = sourcecode.c.h; path = "UIView+YJView.h"; sourceTree = "<group>"; };
		6CD18B972418FF7300F7859A /* CALayer+YJLayer.h */ = {isa = PBXFileReference; fileEncoding = 4; lastKnownFileType = sourcecode.c.h; path = "CALayer+YJLayer.h"; sourceTree = "<group>"; };
		6CD18B982418FF7300F7859A /* CALayer+YJLayer.m */ = {isa = PBXFileReference; fileEncoding = 4; lastKnownFileType = sourcecode.c.objc; path = "CALayer+YJLayer.m"; sourceTree = "<group>"; };
		6CD18B9A2418FF7300F7859A /* UIAlertController+YJAlertController.h */ = {isa = PBXFileReference; fileEncoding = 4; lastKnownFileType = sourcecode.c.h; path = "UIAlertController+YJAlertController.h"; sourceTree = "<group>"; };
		6CD18B9B2418FF7300F7859A /* UIAlertController+YJAlertController.m */ = {isa = PBXFileReference; fileEncoding = 4; lastKnownFileType = sourcecode.c.objc; path = "UIAlertController+YJAlertController.m"; sourceTree = "<group>"; };
		6CD18B9D2418FF7300F7859A /* UIDevice+YJDevice.h */ = {isa = PBXFileReference; fileEncoding = 4; lastKnownFileType = sourcecode.c.h; path = "UIDevice+YJDevice.h"; sourceTree = "<group>"; };
		6CD18B9E2418FF7300F7859A /* UIDevice+YJDevice.m */ = {isa = PBXFileReference; fileEncoding = 4; lastKnownFileType = sourcecode.c.objc; path = "UIDevice+YJDevice.m"; sourceTree = "<group>"; };
		6CD18BA02418FF7300F7859A /* UINavigationItem+YJNavigationItem.m */ = {isa = PBXFileReference; fileEncoding = 4; lastKnownFileType = sourcecode.c.objc; path = "UINavigationItem+YJNavigationItem.m"; sourceTree = "<group>"; };
		6CD18BA12418FF7300F7859A /* UINavigationItem+YJNavigationItem.h */ = {isa = PBXFileReference; fileEncoding = 4; lastKnownFileType = sourcecode.c.h; path = "UINavigationItem+YJNavigationItem.h"; sourceTree = "<group>"; };
		6CD18BA32418FF7300F7859A /* UINavigationController+YJNavigationController.h */ = {isa = PBXFileReference; fileEncoding = 4; lastKnownFileType = sourcecode.c.h; path = "UINavigationController+YJNavigationController.h"; sourceTree = "<group>"; };
		6CD18BA42418FF7300F7859A /* UINavigationController+YJNavigationController.m */ = {isa = PBXFileReference; fileEncoding = 4; lastKnownFileType = sourcecode.c.objc; path = "UINavigationController+YJNavigationController.m"; sourceTree = "<group>"; };
		6CD18BA62418FF7300F7859A /* UIControl+YJControl.h */ = {isa = PBXFileReference; fileEncoding = 4; lastKnownFileType = sourcecode.c.h; path = "UIControl+YJControl.h"; sourceTree = "<group>"; };
		6CD18BA72418FF7300F7859A /* UIControl+YJControl.m */ = {isa = PBXFileReference; fileEncoding = 4; lastKnownFileType = sourcecode.c.objc; path = "UIControl+YJControl.m"; sourceTree = "<group>"; };
		6CD18BA92418FF7300F7859A /* UIViewController+YJViewController.h */ = {isa = PBXFileReference; fileEncoding = 4; lastKnownFileType = sourcecode.c.h; path = "UIViewController+YJViewController.h"; sourceTree = "<group>"; };
		6CD18BAA2418FF7300F7859A /* UIViewController+YJViewController.m */ = {isa = PBXFileReference; fileEncoding = 4; lastKnownFileType = sourcecode.c.objc; path = "UIViewController+YJViewController.m"; sourceTree = "<group>"; };
		6CD18BAC2418FF7300F7859A /* UIApplication+YJApplication.h */ = {isa = PBXFileReference; fileEncoding = 4; lastKnownFileType = sourcecode.c.h; path = "UIApplication+YJApplication.h"; sourceTree = "<group>"; };
		6CD18BAD2418FF7300F7859A /* UIApplication+YJApplication.m */ = {isa = PBXFileReference; fileEncoding = 4; lastKnownFileType = sourcecode.c.objc; path = "UIApplication+YJApplication.m"; sourceTree = "<group>"; };
		6CD18BAF2418FF7300F7859A /* UICollectionView+YJCollectionView.m */ = {isa = PBXFileReference; fileEncoding = 4; lastKnownFileType = sourcecode.c.objc; path = "UICollectionView+YJCollectionView.m"; sourceTree = "<group>"; };
		6CD18BB02418FF7300F7859A /* UICollectionView+YJCollectionView.h */ = {isa = PBXFileReference; fileEncoding = 4; lastKnownFileType = sourcecode.c.h; path = "UICollectionView+YJCollectionView.h"; sourceTree = "<group>"; };
		6CD18BB22418FF7300F7859A /* UIScreen+YJScreen.m */ = {isa = PBXFileReference; fileEncoding = 4; lastKnownFileType = sourcecode.c.objc; path = "UIScreen+YJScreen.m"; sourceTree = "<group>"; };
		6CD18BB32418FF7300F7859A /* UIScreen+YJScreen.h */ = {isa = PBXFileReference; fileEncoding = 4; lastKnownFileType = sourcecode.c.h; path = "UIScreen+YJScreen.h"; sourceTree = "<group>"; };
		6CD18BB52418FF7300F7859A /* UILabel+YJLabel.h */ = {isa = PBXFileReference; fileEncoding = 4; lastKnownFileType = sourcecode.c.h; path = "UILabel+YJLabel.h"; sourceTree = "<group>"; };
		6CD18BB62418FF7300F7859A /* UILabel+YJLabel.m */ = {isa = PBXFileReference; fileEncoding = 4; lastKnownFileType = sourcecode.c.objc; path = "UILabel+YJLabel.m"; sourceTree = "<group>"; };
		6CD18BB82418FF7300F7859A /* UIBarItem+YJBarItem.m */ = {isa = PBXFileReference; fileEncoding = 4; lastKnownFileType = sourcecode.c.objc; path = "UIBarItem+YJBarItem.m"; sourceTree = "<group>"; };
		6CD18BB92418FF7300F7859A /* UIBarItem+YJBarItem.h */ = {isa = PBXFileReference; fileEncoding = 4; lastKnownFileType = sourcecode.c.h; path = "UIBarItem+YJBarItem.h"; sourceTree = "<group>"; };
		6CD18BBB2418FF7300F7859A /* UIColor+YJColor.m */ = {isa = PBXFileReference; fileEncoding = 4; lastKnownFileType = sourcecode.c.objc; path = "UIColor+YJColor.m"; sourceTree = "<group>"; };
		6CD18BBC2418FF7300F7859A /* UIColor+YJColor.h */ = {isa = PBXFileReference; fileEncoding = 4; lastKnownFileType = sourcecode.c.h; path = "UIColor+YJColor.h"; sourceTree = "<group>"; };
		6CD18BBD2418FF7300F7859A /* YJUIKit.h */ = {isa = PBXFileReference; fileEncoding = 4; lastKnownFileType = sourcecode.c.h; path = YJUIKit.h; sourceTree = "<group>"; };
		6CD18BC12418FF7300F7859A /* YJViewControllerViewModel.m */ = {isa = PBXFileReference; fileEncoding = 4; lastKnownFileType = sourcecode.c.objc; path = YJViewControllerViewModel.m; sourceTree = "<group>"; };
		6CD18BC22418FF7300F7859A /* YJViewControllerViewModel.h */ = {isa = PBXFileReference; fileEncoding = 4; lastKnownFileType = sourcecode.c.h; path = YJViewControllerViewModel.h; sourceTree = "<group>"; };
		6CD18BC42418FF7300F7859A /* YJViewControllerTransitioningDelegate.m */ = {isa = PBXFileReference; fileEncoding = 4; lastKnownFileType = sourcecode.c.objc; path = YJViewControllerTransitioningDelegate.m; sourceTree = "<group>"; };
		6CD18BC52418FF7300F7859A /* YJViewControllerTransitioningDelegate.h */ = {isa = PBXFileReference; fileEncoding = 4; lastKnownFileType = sourcecode.c.h; path = YJViewControllerTransitioningDelegate.h; sourceTree = "<group>"; };
		6CD18BC72418FF7300F7859A /* YJViewController.h */ = {isa = PBXFileReference; fileEncoding = 4; lastKnownFileType = sourcecode.c.h; path = YJViewController.h; sourceTree = "<group>"; };
		6CD18BC82418FF7300F7859A /* YJViewController.m */ = {isa = PBXFileReference; fileEncoding = 4; lastKnownFileType = sourcecode.c.objc; path = YJViewController.m; sourceTree = "<group>"; };
/* End PBXFileReference section */

/* Begin PBXFrameworksBuildPhase section */
		6C8CAAE9241213EC001240CE /* Frameworks */ = {
			isa = PBXFrameworksBuildPhase;
			buildActionMask = 2147483647;
			files = (
				6C8CABFF2412264D001240CE /* libresolv.tbd in Frameworks */,
				459BAA7611AD215CEDCE0585 /* Pods_YJUIKitDemo.framework in Frameworks */,
			);
			runOnlyForDeploymentPostprocessing = 0;
		};
/* End PBXFrameworksBuildPhase section */

/* Begin PBXGroup section */
		483F331D26ECA03C42532353 /* Pods */ = {
			isa = PBXGroup;
			children = (
				680C0841B2866A7A7F7247BD /* Pods-YJUIKitDemo.debug.xcconfig */,
				5FBCD0050623EF943E19D04C /* Pods-YJUIKitDemo.release.xcconfig */,
			);
			path = Pods;
			sourceTree = "<group>";
		};
		4FEE622937C117E306CDB32C /* Frameworks */ = {
			isa = PBXGroup;
			children = (
				6C8CABFE2412264D001240CE /* libresolv.tbd */,
				06636AD2E8F0DD3694DA74CF /* Pods_YJUIKitDemo.framework */,
			);
			name = Frameworks;
			sourceTree = "<group>";
		};
		6C8CAAE3241213EC001240CE = {
			isa = PBXGroup;
			children = (
				6C8CAAEE241213EC001240CE /* YJUIKitDemo */,
				6C8CAAED241213EC001240CE /* Products */,
				483F331D26ECA03C42532353 /* Pods */,
				4FEE622937C117E306CDB32C /* Frameworks */,
			);
			sourceTree = "<group>";
		};
		6C8CAAED241213EC001240CE /* Products */ = {
			isa = PBXGroup;
			children = (
				6C8CAAEC241213EC001240CE /* YJUIKitDemo.app */,
			);
			name = Products;
			sourceTree = "<group>";
		};
		6C8CAAEE241213EC001240CE /* YJUIKitDemo */ = {
			isa = PBXGroup;
			children = (
				6CD18B0A2418FF7300F7859A /* YJUIKit */,
				6C8CAAEF241213EC001240CE /* AppDelegate.h */,
				6C8CAAF0241213EC001240CE /* AppDelegate.m */,
				6C8CAAF2241213EC001240CE /* ViewController.h */,
				6C8CAAF3241213EC001240CE /* ViewController.m */,
				6C8CAAF5241213EC001240CE /* Main.storyboard */,
				6C8CAAF8241213ED001240CE /* Assets.xcassets */,
				6C8CAAFA241213ED001240CE /* LaunchScreen.storyboard */,
				6C8CAAFD241213ED001240CE /* Info.plist */,
				6C8CAAFE241213ED001240CE /* main.m */,
				6C8CAC0024122746001240CE /* PrefixHeader.pch */,
			);
			path = YJUIKitDemo;
			sourceTree = "<group>";
		};
		6CD18B0A2418FF7300F7859A /* YJUIKit */ = {
			isa = PBXGroup;
			children = (
				6CD18B0B2418FF7300F7859A /* YJScrollViewController */,
				6CD18B162418FF7300F7859A /* YJTextField */,
				6CD18B192418FF7300F7859A /* YJPresentationController */,
				6CD18B1C2418FF7300F7859A /* YJCollectionViewController */,
				6CD18B302418FF7300F7859A /* YJWebViewController */,
				6CD18B3E2418FF7300F7859A /* YJTableViewController */,
				6CD18B522418FF7300F7859A /* YJButton */,
				6CD18B552418FF7300F7859A /* YJNavigationController */,
				6CD18B582418FF7300F7859A /* YJAnimatorManager */,
				6CD18B5B2418FF7300F7859A /* YJToolBarListView */,
				6CD18B5E2418FF7300F7859A /* YJPickerController */,
				6CD18B762418FF7300F7859A /* YJScanQRCode */,
				6CD18B7D2418FF7300F7859A /* YJUIKit+Category */,
				6CD18BBD2418FF7300F7859A /* YJUIKit.h */,
				6CD18BBE2418FF7300F7859A /* YJViewController */,
			);
			name = YJUIKit;
			path = ../../YJUIKit;
			sourceTree = "<group>";
		};
		6CD18B0B2418FF7300F7859A /* YJScrollViewController */ = {
			isa = PBXGroup;
			children = (
				6CD18B0C2418FF7300F7859A /* ViewModels */,
				6CD18B132418FF7300F7859A /* Controller */,
			);
			path = YJScrollViewController;
			sourceTree = "<group>";
		};
		6CD18B0C2418FF7300F7859A /* ViewModels */ = {
			isa = PBXGroup;
			children = (
				6CD18B0D2418FF7300F7859A /* YJScrollViewDelegate */,
				6CD18B102418FF7300F7859A /* YJScrollViewViewModel */,
			);
			path = ViewModels;
			sourceTree = "<group>";
		};
		6CD18B0D2418FF7300F7859A /* YJScrollViewDelegate */ = {
			isa = PBXGroup;
			children = (
				6CD18B0E2418FF7300F7859A /* YJScrollViewDelegate.m */,
				6CD18B0F2418FF7300F7859A /* YJScrollViewDelegate.h */,
			);
			path = YJScrollViewDelegate;
			sourceTree = "<group>";
		};
		6CD18B102418FF7300F7859A /* YJScrollViewViewModel */ = {
			isa = PBXGroup;
			children = (
				6CD18B112418FF7300F7859A /* YJScrollViewViewModel.h */,
				6CD18B122418FF7300F7859A /* YJScrollViewViewModel.m */,
			);
			path = YJScrollViewViewModel;
			sourceTree = "<group>";
		};
		6CD18B132418FF7300F7859A /* Controller */ = {
			isa = PBXGroup;
			children = (
				6CD18B142418FF7300F7859A /* YJScrollViewController.m */,
				6CD18B152418FF7300F7859A /* YJScrollViewController.h */,
			);
			path = Controller;
			sourceTree = "<group>";
		};
		6CD18B162418FF7300F7859A /* YJTextField */ = {
			isa = PBXGroup;
			children = (
				6CD18B172418FF7300F7859A /* YJTextField.m */,
				6CD18B182418FF7300F7859A /* YJTextField.h */,
			);
			path = YJTextField;
			sourceTree = "<group>";
		};
		6CD18B192418FF7300F7859A /* YJPresentationController */ = {
			isa = PBXGroup;
			children = (
				6CD18B1A2418FF7300F7859A /* YJPresentationController.h */,
				6CD18B1B2418FF7300F7859A /* YJPresentationController.m */,
			);
			path = YJPresentationController;
			sourceTree = "<group>";
		};
		6CD18B1C2418FF7300F7859A /* YJCollectionViewController */ = {
			isa = PBXGroup;
			children = (
				6CD18B1D2418FF7300F7859A /* ViewModels */,
				6CD18B2D2418FF7300F7859A /* Controller */,
			);
			path = YJCollectionViewController;
			sourceTree = "<group>";
		};
		6CD18B1D2418FF7300F7859A /* ViewModels */ = {
			isa = PBXGroup;
			children = (
				6CD18B1E2418FF7300F7859A /* YJCollectionViewDelegate */,
				6CD18B212418FF7300F7859A /* YJCollectionViewDragDelegate */,
				6CD18B242418FF7300F7859A /* YJCollectionViewViewModel */,
				6CD18B272418FF7300F7859A /* YJCollectionViewDataSource */,
				6CD18B2A2418FF7300F7859A /* YJCollectionViewDropDelegate */,
			);
			path = ViewModels;
			sourceTree = "<group>";
		};
		6CD18B1E2418FF7300F7859A /* YJCollectionViewDelegate */ = {
			isa = PBXGroup;
			children = (
				6CD18B1F2418FF7300F7859A /* YJCollectionViewDelegate.m */,
				6CD18B202418FF7300F7859A /* YJCollectionViewDelegate.h */,
			);
			path = YJCollectionViewDelegate;
			sourceTree = "<group>";
		};
		6CD18B212418FF7300F7859A /* YJCollectionViewDragDelegate */ = {
			isa = PBXGroup;
			children = (
				6CD18B222418FF7300F7859A /* YJCollectionViewDragDelegate.m */,
				6CD18B232418FF7300F7859A /* YJCollectionViewDragDelegate.h */,
			);
			path = YJCollectionViewDragDelegate;
			sourceTree = "<group>";
		};
		6CD18B242418FF7300F7859A /* YJCollectionViewViewModel */ = {
			isa = PBXGroup;
			children = (
				6CD18B252418FF7300F7859A /* YJCollectionViewViewModel.h */,
				6CD18B262418FF7300F7859A /* YJCollectionViewViewModel.m */,
			);
			path = YJCollectionViewViewModel;
			sourceTree = "<group>";
		};
		6CD18B272418FF7300F7859A /* YJCollectionViewDataSource */ = {
			isa = PBXGroup;
			children = (
				6CD18B282418FF7300F7859A /* YJCollectionViewDataSource.m */,
				6CD18B292418FF7300F7859A /* YJCollectionViewDataSource.h */,
			);
			path = YJCollectionViewDataSource;
			sourceTree = "<group>";
		};
		6CD18B2A2418FF7300F7859A /* YJCollectionViewDropDelegate */ = {
			isa = PBXGroup;
			children = (
				6CD18B2B2418FF7300F7859A /* YJCollectionViewDropDelegate.m */,
				6CD18B2C2418FF7300F7859A /* YJCollectionViewDropDelegate.h */,
			);
			path = YJCollectionViewDropDelegate;
			sourceTree = "<group>";
		};
		6CD18B2D2418FF7300F7859A /* Controller */ = {
			isa = PBXGroup;
			children = (
				6CD18B2E2418FF7300F7859A /* YJCollectionViewController.m */,
				6CD18B2F2418FF7300F7859A /* YJCollectionViewController.h */,
			);
			path = Controller;
			sourceTree = "<group>";
		};
		6CD18B302418FF7300F7859A /* YJWebViewController */ = {
			isa = PBXGroup;
			children = (
				6CD18B312418FF7300F7859A /* ViewModels */,
				6CD18B3B2418FF7300F7859A /* Controller */,
			);
			path = YJWebViewController;
			sourceTree = "<group>";
		};
		6CD18B312418FF7300F7859A /* ViewModels */ = {
			isa = PBXGroup;
			children = (
				6CD18B322418FF7300F7859A /* YJWebViewNavigationDelegate */,
				6CD18B352418FF7300F7859A /* YJWebViewViewModel */,
				6CD18B382418FF7300F7859A /* YJWebViewUIDelegate */,
			);
			path = ViewModels;
			sourceTree = "<group>";
		};
		6CD18B322418FF7300F7859A /* YJWebViewNavigationDelegate */ = {
			isa = PBXGroup;
			children = (
				6CD18B332418FF7300F7859A /* YJWebViewNavigationDelegate.h */,
				6CD18B342418FF7300F7859A /* YJWebViewNavigationDelegate.m */,
			);
			path = YJWebViewNavigationDelegate;
			sourceTree = "<group>";
		};
		6CD18B352418FF7300F7859A /* YJWebViewViewModel */ = {
			isa = PBXGroup;
			children = (
				6CD18B362418FF7300F7859A /* YJWebViewViewModel.h */,
				6CD18B372418FF7300F7859A /* YJWebViewViewModel.m */,
			);
			path = YJWebViewViewModel;
			sourceTree = "<group>";
		};
		6CD18B382418FF7300F7859A /* YJWebViewUIDelegate */ = {
			isa = PBXGroup;
			children = (
				6CD18B392418FF7300F7859A /* YJWebViewUIDelegate.m */,
				6CD18B3A2418FF7300F7859A /* YJWebViewUIDelegate.h */,
			);
			path = YJWebViewUIDelegate;
			sourceTree = "<group>";
		};
		6CD18B3B2418FF7300F7859A /* Controller */ = {
			isa = PBXGroup;
			children = (
				6CD18B3C2418FF7300F7859A /* YJWebViewController.h */,
				6CD18B3D2418FF7300F7859A /* YJWebViewController.m */,
			);
			path = Controller;
			sourceTree = "<group>";
		};
		6CD18B3E2418FF7300F7859A /* YJTableViewController */ = {
			isa = PBXGroup;
			children = (
				6CD18B3F2418FF7300F7859A /* ViewModels */,
				6CD18B4F2418FF7300F7859A /* Controller */,
			);
			path = YJTableViewController;
			sourceTree = "<group>";
		};
		6CD18B3F2418FF7300F7859A /* ViewModels */ = {
			isa = PBXGroup;
			children = (
				6CD18B402418FF7300F7859A /* YJTableViewDelegate */,
				6CD18B432418FF7300F7859A /* YJTableViewDropDelegate */,
				6CD18B462418FF7300F7859A /* YJTableViewViewModel */,
				6CD18B492418FF7300F7859A /* YJTableViewDragDelegate */,
				6CD18B4C2418FF7300F7859A /* YJTableViewDataSource */,
			);
			path = ViewModels;
			sourceTree = "<group>";
		};
		6CD18B402418FF7300F7859A /* YJTableViewDelegate */ = {
			isa = PBXGroup;
			children = (
				6CD18B412418FF7300F7859A /* YJTableViewDelegate.m */,
				6CD18B422418FF7300F7859A /* YJTableViewDelegate.h */,
			);
			path = YJTableViewDelegate;
			sourceTree = "<group>";
		};
		6CD18B432418FF7300F7859A /* YJTableViewDropDelegate */ = {
			isa = PBXGroup;
			children = (
				6CD18B442418FF7300F7859A /* YJTableViewDropDelegate.h */,
				6CD18B452418FF7300F7859A /* YJTableViewDropDelegate.m */,
			);
			path = YJTableViewDropDelegate;
			sourceTree = "<group>";
		};
		6CD18B462418FF7300F7859A /* YJTableViewViewModel */ = {
			isa = PBXGroup;
			children = (
				6CD18B472418FF7300F7859A /* YJTableViewViewModel.m */,
				6CD18B482418FF7300F7859A /* YJTableViewViewModel.h */,
			);
			path = YJTableViewViewModel;
			sourceTree = "<group>";
		};
		6CD18B492418FF7300F7859A /* YJTableViewDragDelegate */ = {
			isa = PBXGroup;
			children = (
				6CD18B4A2418FF7300F7859A /* YJTableViewDragDelegate.h */,
				6CD18B4B2418FF7300F7859A /* YJTableViewDragDelegate.m */,
			);
			path = YJTableViewDragDelegate;
			sourceTree = "<group>";
		};
		6CD18B4C2418FF7300F7859A /* YJTableViewDataSource */ = {
			isa = PBXGroup;
			children = (
				6CD18B4D2418FF7300F7859A /* YJTableViewDataSource.h */,
				6CD18B4E2418FF7300F7859A /* YJTableViewDataSource.m */,
			);
			path = YJTableViewDataSource;
			sourceTree = "<group>";
		};
		6CD18B4F2418FF7300F7859A /* Controller */ = {
			isa = PBXGroup;
			children = (
				6CD18B502418FF7300F7859A /* YJTableViewController.h */,
				6CD18B512418FF7300F7859A /* YJTableViewController.m */,
			);
			path = Controller;
			sourceTree = "<group>";
		};
		6CD18B522418FF7300F7859A /* YJButton */ = {
			isa = PBXGroup;
			children = (
				6CD18B532418FF7300F7859A /* YJButton.m */,
				6CD18B542418FF7300F7859A /* YJButton.h */,
			);
			path = YJButton;
			sourceTree = "<group>";
		};
		6CD18B552418FF7300F7859A /* YJNavigationController */ = {
			isa = PBXGroup;
			children = (
				6CD18B562418FF7300F7859A /* YJNavigationController.h */,
				6CD18B572418FF7300F7859A /* YJNavigationController.m */,
			);
			path = YJNavigationController;
			sourceTree = "<group>";
		};
		6CD18B582418FF7300F7859A /* YJAnimatorManager */ = {
			isa = PBXGroup;
			children = (
				6CD18B592418FF7300F7859A /* YJAnimatorManager.h */,
				6CD18B5A2418FF7300F7859A /* YJAnimatorManager.m */,
			);
			path = YJAnimatorManager;
			sourceTree = "<group>";
		};
		6CD18B5B2418FF7300F7859A /* YJToolBarListView */ = {
			isa = PBXGroup;
			children = (
				6CD18B5C2418FF7300F7859A /* YJToolBarListView.m */,
				6CD18B5D2418FF7300F7859A /* YJToolBarListView.h */,
			);
			path = YJToolBarListView;
			sourceTree = "<group>";
		};
		6CD18B5E2418FF7300F7859A /* YJPickerController */ = {
			isa = PBXGroup;
			children = (
				6CD18B5F2418FF7300F7859A /* ViewModels */,
				6CD18B6C2418FF7300F7859A /* Controller */,
				6CD18B6F2418FF7300F7859A /* Views */,
			);
			path = YJPickerController;
			sourceTree = "<group>";
		};
		6CD18B5F2418FF7300F7859A /* ViewModels */ = {
			isa = PBXGroup;
			children = (
				6CD18B602418FF7300F7859A /* YJPickerTransitioningDelegate */,
				6CD18B632418FF7300F7859A /* YJPickerDelegate */,
				6CD18B662418FF7300F7859A /* YJPickerDataSource */,
				6CD18B692418FF7300F7859A /* YJPickerViewModel */,
			);
			path = ViewModels;
			sourceTree = "<group>";
		};
		6CD18B602418FF7300F7859A /* YJPickerTransitioningDelegate */ = {
			isa = PBXGroup;
			children = (
				6CD18B612418FF7300F7859A /* YJPickerTransitioningDelegate.m */,
				6CD18B622418FF7300F7859A /* YJPickerTransitioningDelegate.h */,
			);
			path = YJPickerTransitioningDelegate;
			sourceTree = "<group>";
		};
		6CD18B632418FF7300F7859A /* YJPickerDelegate */ = {
			isa = PBXGroup;
			children = (
				6CD18B642418FF7300F7859A /* YJPickerDelegate.m */,
				6CD18B652418FF7300F7859A /* YJPickerDelegate.h */,
			);
			path = YJPickerDelegate;
			sourceTree = "<group>";
		};
		6CD18B662418FF7300F7859A /* YJPickerDataSource */ = {
			isa = PBXGroup;
			children = (
				6CD18B672418FF7300F7859A /* YJPickerDataSource.m */,
				6CD18B682418FF7300F7859A /* YJPickerDataSource.h */,
			);
			path = YJPickerDataSource;
			sourceTree = "<group>";
		};
		6CD18B692418FF7300F7859A /* YJPickerViewModel */ = {
			isa = PBXGroup;
			children = (
				6CD18B6A2418FF7300F7859A /* YJPickerViewModel.h */,
				6CD18B6B2418FF7300F7859A /* YJPickerViewModel.m */,
			);
			path = YJPickerViewModel;
			sourceTree = "<group>";
		};
		6CD18B6C2418FF7300F7859A /* Controller */ = {
			isa = PBXGroup;
			children = (
				6CD18B6D2418FF7300F7859A /* YJPickerController.m */,
				6CD18B6E2418FF7300F7859A /* YJPickerController.h */,
			);
			path = Controller;
			sourceTree = "<group>";
		};
		6CD18B6F2418FF7300F7859A /* Views */ = {
			isa = PBXGroup;
			children = (
				6CD18B702418FF7300F7859A /* YJPickerView */,
				6CD18B732418FF7300F7859A /* YJPickerToolView */,
			);
			path = Views;
			sourceTree = "<group>";
		};
		6CD18B702418FF7300F7859A /* YJPickerView */ = {
			isa = PBXGroup;
			children = (
				6CD18B712418FF7300F7859A /* YJPickerView.h */,
				6CD18B722418FF7300F7859A /* YJPickerView.m */,
			);
			path = YJPickerView;
			sourceTree = "<group>";
		};
		6CD18B732418FF7300F7859A /* YJPickerToolView */ = {
			isa = PBXGroup;
			children = (
				6CD18B742418FF7300F7859A /* YJPickerToolView.m */,
				6CD18B752418FF7300F7859A /* YJPickerToolView.h */,
			);
			path = YJPickerToolView;
			sourceTree = "<group>";
		};
		6CD18B762418FF7300F7859A /* YJScanQRCode */ = {
			isa = PBXGroup;
			children = (
				6CD18B772418FF7300F7859A /* Controller */,
				6CD18B7A2418FF7300F7859A /* Views */,
			);
			path = YJScanQRCode;
			sourceTree = "<group>";
		};
		6CD18B772418FF7300F7859A /* Controller */ = {
			isa = PBXGroup;
			children = (
				6CD18B782418FF7300F7859A /* YJScanQRCodeController.m */,
				6CD18B792418FF7300F7859A /* YJScanQRCodeController.h */,
			);
			path = Controller;
			sourceTree = "<group>";
		};
		6CD18B7A2418FF7300F7859A /* Views */ = {
			isa = PBXGroup;
			children = (
				6CD18B7B2418FF7300F7859A /* YJScanQRCodeView.m */,
				6CD18B7C2418FF7300F7859A /* YJScanQRCodeView.h */,
			);
			path = Views;
			sourceTree = "<group>";
		};
		6CD18B7D2418FF7300F7859A /* YJUIKit+Category */ = {
			isa = PBXGroup;
			children = (
				6CD18B7E2418FF7300F7859A /* NSObject+YJObject */,
				6CD18B812418FF7300F7859A /* UIFont+YJFont */,
				6CD18B842418FF7300F7859A /* UIScrollView+YJScrollView */,
				6CD18B872418FF7300F7859A /* UIBarButtonItem+YJBarButtonItem */,
				6CD18B8A2418FF7300F7859A /* UIImage+YJImage */,
				6CD18B8D2418FF7300F7859A /* UIButton+YJButton */,
				6CD18B902418FF7300F7859A /* UITableView+YJTableView */,
				6CD18B932418FF7300F7859A /* UIView+YJView */,
				6CD18B962418FF7300F7859A /* CALayer+YJLayer */,
				6CD18B992418FF7300F7859A /* UIAlertController+YJAlertController */,
				6CD18B9C2418FF7300F7859A /* UIDevice+YJDevice */,
				6CD18B9F2418FF7300F7859A /* UINavigationItem+YJNavigationItem */,
				6CD18BA22418FF7300F7859A /* UINavigationController+YJNavigationController */,
				6CD18BA52418FF7300F7859A /* UIControl+YJControl */,
				6CD18BA82418FF7300F7859A /* UIViewController+YJViewController */,
				6CD18BAB2418FF7300F7859A /* UIApplication+YJApplication */,
				6CD18BAE2418FF7300F7859A /* UICollectionView+YJCollectionView */,
				6CD18BB12418FF7300F7859A /* UIScreen+YJScreen */,
				6CD18BB42418FF7300F7859A /* UILabel+YJLabel */,
				6CD18BB72418FF7300F7859A /* UIBarItem+YJBarItem */,
				6CD18BBA2418FF7300F7859A /* UIColor+YJColor */,
			);
			path = "YJUIKit+Category";
			sourceTree = "<group>";
		};
		6CD18B7E2418FF7300F7859A /* NSObject+YJObject */ = {
			isa = PBXGroup;
			children = (
				6CD18B7F2418FF7300F7859A /* NSObject+YJObject.h */,
				6CD18B802418FF7300F7859A /* NSObject+YJObject.m */,
			);
			path = "NSObject+YJObject";
			sourceTree = "<group>";
		};
		6CD18B812418FF7300F7859A /* UIFont+YJFont */ = {
			isa = PBXGroup;
			children = (
				6CD18B822418FF7300F7859A /* UIFont+YJFont.h */,
				6CD18B832418FF7300F7859A /* UIFont+YJFont.m */,
			);
			path = "UIFont+YJFont";
			sourceTree = "<group>";
		};
		6CD18B842418FF7300F7859A /* UIScrollView+YJScrollView */ = {
			isa = PBXGroup;
			children = (
				6CD18B852418FF7300F7859A /* UIScrollView+YJScrollView.h */,
				6CD18B862418FF7300F7859A /* UIScrollView+YJScrollView.m */,
			);
			path = "UIScrollView+YJScrollView";
			sourceTree = "<group>";
		};
		6CD18B872418FF7300F7859A /* UIBarButtonItem+YJBarButtonItem */ = {
			isa = PBXGroup;
			children = (
				6CD18B882418FF7300F7859A /* UIBarButtonItem+YJBarButtonItem.m */,
				6CD18B892418FF7300F7859A /* UIBarButtonItem+YJBarButtonItem.h */,
			);
			path = "UIBarButtonItem+YJBarButtonItem";
			sourceTree = "<group>";
		};
		6CD18B8A2418FF7300F7859A /* UIImage+YJImage */ = {
			isa = PBXGroup;
			children = (
				6CD18B8B2418FF7300F7859A /* UIImage+YJImage.m */,
				6CD18B8C2418FF7300F7859A /* UIImage+YJImage.h */,
			);
			path = "UIImage+YJImage";
			sourceTree = "<group>";
		};
		6CD18B8D2418FF7300F7859A /* UIButton+YJButton */ = {
			isa = PBXGroup;
			children = (
				6CD18B8E2418FF7300F7859A /* UIButton+YJButton.m */,
				6CD18B8F2418FF7300F7859A /* UIButton+YJButton.h */,
			);
			path = "UIButton+YJButton";
			sourceTree = "<group>";
		};
		6CD18B902418FF7300F7859A /* UITableView+YJTableView */ = {
			isa = PBXGroup;
			children = (
				6CD18B912418FF7300F7859A /* UITableView+YJTableView.m */,
				6CD18B922418FF7300F7859A /* UITableView+YJTableView.h */,
			);
			path = "UITableView+YJTableView";
			sourceTree = "<group>";
		};
		6CD18B932418FF7300F7859A /* UIView+YJView */ = {
			isa = PBXGroup;
			children = (
				6CD18B942418FF7300F7859A /* UIView+YJView.m */,
				6CD18B952418FF7300F7859A /* UIView+YJView.h */,
			);
			path = "UIView+YJView";
			sourceTree = "<group>";
		};
		6CD18B962418FF7300F7859A /* CALayer+YJLayer */ = {
			isa = PBXGroup;
			children = (
				6CD18B972418FF7300F7859A /* CALayer+YJLayer.h */,
				6CD18B982418FF7300F7859A /* CALayer+YJLayer.m */,
			);
			path = "CALayer+YJLayer";
			sourceTree = "<group>";
		};
		6CD18B992418FF7300F7859A /* UIAlertController+YJAlertController */ = {
			isa = PBXGroup;
			children = (
				6CD18B9A2418FF7300F7859A /* UIAlertController+YJAlertController.h */,
				6CD18B9B2418FF7300F7859A /* UIAlertController+YJAlertController.m */,
			);
			path = "UIAlertController+YJAlertController";
			sourceTree = "<group>";
		};
		6CD18B9C2418FF7300F7859A /* UIDevice+YJDevice */ = {
			isa = PBXGroup;
			children = (
				6CD18B9D2418FF7300F7859A /* UIDevice+YJDevice.h */,
				6CD18B9E2418FF7300F7859A /* UIDevice+YJDevice.m */,
			);
			path = "UIDevice+YJDevice";
			sourceTree = "<group>";
		};
		6CD18B9F2418FF7300F7859A /* UINavigationItem+YJNavigationItem */ = {
			isa = PBXGroup;
			children = (
				6CD18BA02418FF7300F7859A /* UINavigationItem+YJNavigationItem.m */,
				6CD18BA12418FF7300F7859A /* UINavigationItem+YJNavigationItem.h */,
			);
			path = "UINavigationItem+YJNavigationItem";
			sourceTree = "<group>";
		};
		6CD18BA22418FF7300F7859A /* UINavigationController+YJNavigationController */ = {
			isa = PBXGroup;
			children = (
				6CD18BA32418FF7300F7859A /* UINavigationController+YJNavigationController.h */,
				6CD18BA42418FF7300F7859A /* UINavigationController+YJNavigationController.m */,
			);
			path = "UINavigationController+YJNavigationController";
			sourceTree = "<group>";
		};
		6CD18BA52418FF7300F7859A /* UIControl+YJControl */ = {
			isa = PBXGroup;
			children = (
				6CD18BA62418FF7300F7859A /* UIControl+YJControl.h */,
				6CD18BA72418FF7300F7859A /* UIControl+YJControl.m */,
			);
			path = "UIControl+YJControl";
			sourceTree = "<group>";
		};
		6CD18BA82418FF7300F7859A /* UIViewController+YJViewController */ = {
			isa = PBXGroup;
			children = (
				6CD18BA92418FF7300F7859A /* UIViewController+YJViewController.h */,
				6CD18BAA2418FF7300F7859A /* UIViewController+YJViewController.m */,
			);
			path = "UIViewController+YJViewController";
			sourceTree = "<group>";
		};
		6CD18BAB2418FF7300F7859A /* UIApplication+YJApplication */ = {
			isa = PBXGroup;
			children = (
				6CD18BAC2418FF7300F7859A /* UIApplication+YJApplication.h */,
				6CD18BAD2418FF7300F7859A /* UIApplication+YJApplication.m */,
			);
			path = "UIApplication+YJApplication";
			sourceTree = "<group>";
		};
		6CD18BAE2418FF7300F7859A /* UICollectionView+YJCollectionView */ = {
			isa = PBXGroup;
			children = (
				6CD18BAF2418FF7300F7859A /* UICollectionView+YJCollectionView.m */,
				6CD18BB02418FF7300F7859A /* UICollectionView+YJCollectionView.h */,
			);
			path = "UICollectionView+YJCollectionView";
			sourceTree = "<group>";
		};
		6CD18BB12418FF7300F7859A /* UIScreen+YJScreen */ = {
			isa = PBXGroup;
			children = (
				6CD18BB22418FF7300F7859A /* UIScreen+YJScreen.m */,
				6CD18BB32418FF7300F7859A /* UIScreen+YJScreen.h */,
			);
			path = "UIScreen+YJScreen";
			sourceTree = "<group>";
		};
		6CD18BB42418FF7300F7859A /* UILabel+YJLabel */ = {
			isa = PBXGroup;
			children = (
				6CD18BB52418FF7300F7859A /* UILabel+YJLabel.h */,
				6CD18BB62418FF7300F7859A /* UILabel+YJLabel.m */,
			);
			path = "UILabel+YJLabel";
			sourceTree = "<group>";
		};
		6CD18BB72418FF7300F7859A /* UIBarItem+YJBarItem */ = {
			isa = PBXGroup;
			children = (
				6CD18BB82418FF7300F7859A /* UIBarItem+YJBarItem.m */,
				6CD18BB92418FF7300F7859A /* UIBarItem+YJBarItem.h */,
			);
			path = "UIBarItem+YJBarItem";
			sourceTree = "<group>";
		};
		6CD18BBA2418FF7300F7859A /* UIColor+YJColor */ = {
			isa = PBXGroup;
			children = (
				6CD18BBB2418FF7300F7859A /* UIColor+YJColor.m */,
				6CD18BBC2418FF7300F7859A /* UIColor+YJColor.h */,
			);
			path = "UIColor+YJColor";
			sourceTree = "<group>";
		};
		6CD18BBE2418FF7300F7859A /* YJViewController */ = {
			isa = PBXGroup;
			children = (
				6CD18BBF2418FF7300F7859A /* ViewModels */,
				6CD18BC62418FF7300F7859A /* Controller */,
			);
			path = YJViewController;
			sourceTree = "<group>";
		};
		6CD18BBF2418FF7300F7859A /* ViewModels */ = {
			isa = PBXGroup;
			children = (
				6CD18BC02418FF7300F7859A /* YJViewControllerViewModel */,
				6CD18BC32418FF7300F7859A /* YJViewControllerTransitioningDelegate */,
			);
			path = ViewModels;
			sourceTree = "<group>";
		};
		6CD18BC02418FF7300F7859A /* YJViewControllerViewModel */ = {
			isa = PBXGroup;
			children = (
				6CD18BC12418FF7300F7859A /* YJViewControllerViewModel.m */,
				6CD18BC22418FF7300F7859A /* YJViewControllerViewModel.h */,
			);
			path = YJViewControllerViewModel;
			sourceTree = "<group>";
		};
		6CD18BC32418FF7300F7859A /* YJViewControllerTransitioningDelegate */ = {
			isa = PBXGroup;
			children = (
				6CD18BC42418FF7300F7859A /* YJViewControllerTransitioningDelegate.m */,
				6CD18BC52418FF7300F7859A /* YJViewControllerTransitioningDelegate.h */,
			);
			path = YJViewControllerTransitioningDelegate;
			sourceTree = "<group>";
		};
		6CD18BC62418FF7300F7859A /* Controller */ = {
			isa = PBXGroup;
			children = (
				6CD18BC72418FF7300F7859A /* YJViewController.h */,
				6CD18BC82418FF7300F7859A /* YJViewController.m */,
			);
			path = Controller;
			sourceTree = "<group>";
		};
/* End PBXGroup section */

/* Begin PBXNativeTarget section */
		6C8CAAEB241213EC001240CE /* YJUIKitDemo */ = {
			isa = PBXNativeTarget;
			buildConfigurationList = 6C8CAB02241213ED001240CE /* Build configuration list for PBXNativeTarget "YJUIKitDemo" */;
			buildPhases = (
				6099AFAE7372A563354412B1 /* [CP] Check Pods Manifest.lock */,
				6C8CAAE8241213EC001240CE /* Sources */,
				6C8CAAE9241213EC001240CE /* Frameworks */,
				6C8CAAEA241213EC001240CE /* Resources */,
				CFAB771210546CAED0751813 /* [CP] Embed Pods Frameworks */,
			);
			buildRules = (
			);
			dependencies = (
			);
			name = YJUIKitDemo;
			productName = YJUIKitDemo;
			productReference = 6C8CAAEC241213EC001240CE /* YJUIKitDemo.app */;
			productType = "com.apple.product-type.application";
		};
/* End PBXNativeTarget section */

/* Begin PBXProject section */
		6C8CAAE4241213EC001240CE /* Project object */ = {
			isa = PBXProject;
			attributes = {
				LastUpgradeCheck = 1020;
				ORGANIZATIONNAME = EStrongerE023;
				TargetAttributes = {
					6C8CAAEB241213EC001240CE = {
						CreatedOnToolsVersion = 10.2.1;
					};
				};
			};
			buildConfigurationList = 6C8CAAE7241213EC001240CE /* Build configuration list for PBXProject "YJUIKitDemo" */;
			compatibilityVersion = "Xcode 9.3";
			developmentRegion = en;
			hasScannedForEncodings = 0;
			knownRegions = (
				en,
				Base,
			);
			mainGroup = 6C8CAAE3241213EC001240CE;
			productRefGroup = 6C8CAAED241213EC001240CE /* Products */;
			projectDirPath = "";
			projectRoot = "";
			targets = (
				6C8CAAEB241213EC001240CE /* YJUIKitDemo */,
			);
		};
/* End PBXProject section */

/* Begin PBXResourcesBuildPhase section */
		6C8CAAEA241213EC001240CE /* Resources */ = {
			isa = PBXResourcesBuildPhase;
			buildActionMask = 2147483647;
			files = (
				6C8CAAFC241213ED001240CE /* LaunchScreen.storyboard in Resources */,
				6C8CAAF9241213ED001240CE /* Assets.xcassets in Resources */,
				6C8CAAF7241213EC001240CE /* Main.storyboard in Resources */,
			);
			runOnlyForDeploymentPostprocessing = 0;
		};
/* End PBXResourcesBuildPhase section */

/* Begin PBXShellScriptBuildPhase section */
		6099AFAE7372A563354412B1 /* [CP] Check Pods Manifest.lock */ = {
			isa = PBXShellScriptBuildPhase;
			buildActionMask = 2147483647;
			files = (
			);
			inputFileListPaths = (
			);
			inputPaths = (
				"${PODS_PODFILE_DIR_PATH}/Podfile.lock",
				"${PODS_ROOT}/Manifest.lock",
			);
			name = "[CP] Check Pods Manifest.lock";
			outputFileListPaths = (
			);
			outputPaths = (
				"$(DERIVED_FILE_DIR)/Pods-YJUIKitDemo-checkManifestLockResult.txt",
			);
			runOnlyForDeploymentPostprocessing = 0;
			shellPath = /bin/sh;
			shellScript = "diff \"${PODS_PODFILE_DIR_PATH}/Podfile.lock\" \"${PODS_ROOT}/Manifest.lock\" > /dev/null\nif [ $? != 0 ] ; then\n    # print error to STDERR\n    echo \"error: The sandbox is not in sync with the Podfile.lock. Run 'pod install' or update your CocoaPods installation.\" >&2\n    exit 1\nfi\n# This output is used by Xcode 'outputs' to avoid re-running this script phase.\necho \"SUCCESS\" > \"${SCRIPT_OUTPUT_FILE_0}\"\n";
			showEnvVarsInLog = 0;
		};
		CFAB771210546CAED0751813 /* [CP] Embed Pods Frameworks */ = {
			isa = PBXShellScriptBuildPhase;
			buildActionMask = 2147483647;
			files = (
			);
			inputFileListPaths = (
				"${PODS_ROOT}/Target Support Files/Pods-YJUIKitDemo/Pods-YJUIKitDemo-frameworks-${CONFIGURATION}-input-files.xcfilelist",
			);
			name = "[CP] Embed Pods Frameworks";
			outputFileListPaths = (
				"${PODS_ROOT}/Target Support Files/Pods-YJUIKitDemo/Pods-YJUIKitDemo-frameworks-${CONFIGURATION}-output-files.xcfilelist",
			);
			runOnlyForDeploymentPostprocessing = 0;
			shellPath = /bin/sh;
			shellScript = "\"${PODS_ROOT}/Target Support Files/Pods-YJUIKitDemo/Pods-YJUIKitDemo-frameworks.sh\"\n";
			showEnvVarsInLog = 0;
		};
/* End PBXShellScriptBuildPhase section */

/* Begin PBXSourcesBuildPhase section */
		6C8CAAE8241213EC001240CE /* Sources */ = {
			isa = PBXSourcesBuildPhase;
			buildActionMask = 2147483647;
			files = (
				6CD18BFD2418FF7400F7859A /* UILabel+YJLabel.m in Sources */,
				6CD18BEF2418FF7400F7859A /* UIImage+YJImage.m in Sources */,
				6CD18BCD2418FF7300F7859A /* YJPresentationController.m in Sources */,
				6CD18BFC2418FF7400F7859A /* UIScreen+YJScreen.m in Sources */,
				6CD18BCE2418FF7300F7859A /* YJCollectionViewDelegate.m in Sources */,
				6CD18BD22418FF7300F7859A /* YJCollectionViewDropDelegate.m in Sources */,
				6CD18BFE2418FF7400F7859A /* UIBarItem+YJBarItem.m in Sources */,
				6CD18BF82418FF7400F7859A /* UIControl+YJControl.m in Sources */,
				6CD18C002418FF7400F7859A /* YJViewControllerViewModel.m in Sources */,
				6CD18BD02418FF7300F7859A /* YJCollectionViewViewModel.m in Sources */,
				6CD18BEA2418FF7400F7859A /* YJScanQRCodeView.m in Sources */,
				6CD18BDD2418FF7400F7859A /* YJTableViewController.m in Sources */,
				6CD18BE22418FF7400F7859A /* YJPickerTransitioningDelegate.m in Sources */,
				6CD18BD72418FF7400F7859A /* YJWebViewController.m in Sources */,
				6CD18BEC2418FF7400F7859A /* UIFont+YJFont.m in Sources */,
				6CD18BF12418FF7400F7859A /* UITableView+YJTableView.m in Sources */,
				6CD18BEE2418FF7400F7859A /* UIBarButtonItem+YJBarButtonItem.m in Sources */,
				6CD18BCB2418FF7300F7859A /* YJScrollViewController.m in Sources */,
				6CD18BE62418FF7400F7859A /* YJPickerController.m in Sources */,
				6CD18BD82418FF7400F7859A /* YJTableViewDelegate.m in Sources */,
				6CD18BD32418FF7400F7859A /* YJCollectionViewController.m in Sources */,
				6CD18BD62418FF7400F7859A /* YJWebViewUIDelegate.m in Sources */,
				6CD18BF22418FF7400F7859A /* UIView+YJView.m in Sources */,
				6CD18BDE2418FF7400F7859A /* YJButton.m in Sources */,
				6CD18BE12418FF7400F7859A /* YJToolBarListView.m in Sources */,
				6CD18BE82418FF7400F7859A /* YJPickerToolView.m in Sources */,
				6CD18BE42418FF7400F7859A /* YJPickerDataSource.m in Sources */,
				6CD18BE32418FF7400F7859A /* YJPickerDelegate.m in Sources */,
				6CD18BFB2418FF7400F7859A /* UICollectionView+YJCollectionView.m in Sources */,
				6CD18BF92418FF7400F7859A /* UIViewController+YJViewController.m in Sources */,
				6CD18BDC2418FF7400F7859A /* YJTableViewDataSource.m in Sources */,
				6C8CAAF4241213EC001240CE /* ViewController.m in Sources */,
				6CD18C012418FF7400F7859A /* YJViewControllerTransitioningDelegate.m in Sources */,
				6CD18BD92418FF7400F7859A /* YJTableViewDropDelegate.m in Sources */,
				6CD18BF72418FF7400F7859A /* UINavigationController+YJNavigationController.m in Sources */,
				6CD18BFA2418FF7400F7859A /* UIApplication+YJApplication.m in Sources */,
				6CD18BF52418FF7400F7859A /* UIDevice+YJDevice.m in Sources */,
				6CD18BF02418FF7400F7859A /* UIButton+YJButton.m in Sources */,
				6CD18BFF2418FF7400F7859A /* UIColor+YJColor.m in Sources */,
				6CD18BEB2418FF7400F7859A /* NSObject+YJObject.m in Sources */,
				6CD18BD52418FF7400F7859A /* YJWebViewViewModel.m in Sources */,
				6CD18BCF2418FF7300F7859A /* YJCollectionViewDragDelegate.m in Sources */,
				6CD18BF62418FF7400F7859A /* UINavigationItem+YJNavigationItem.m in Sources */,
				6CD18BDB2418FF7400F7859A /* YJTableViewDragDelegate.m in Sources */,
				6CD18BC92418FF7300F7859A /* YJScrollViewDelegate.m in Sources */,
				6CD18BDF2418FF7400F7859A /* YJNavigationController.m in Sources */,
				6C8CAAFF241213ED001240CE /* main.m in Sources */,
				6CD18BD12418FF7300F7859A /* YJCollectionViewDataSource.m in Sources */,
				6CD18BF42418FF7400F7859A /* UIAlertController+YJAlertController.m in Sources */,
				6CD18BED2418FF7400F7859A /* UIScrollView+YJScrollView.m in Sources */,
				6CD18BCA2418FF7300F7859A /* YJScrollViewViewModel.m in Sources */,
				6CD18BE72418FF7400F7859A /* YJPickerView.m in Sources */,
				6CD18BDA2418FF7400F7859A /* YJTableViewViewModel.m in Sources */,
				6CD18C022418FF7400F7859A /* YJViewController.m in Sources */,
				6CD18BE52418FF7400F7859A /* YJPickerViewModel.m in Sources */,
				6CD18BE02418FF7400F7859A /* YJAnimatorManager.m in Sources */,
				6CD18BD42418FF7400F7859A /* YJWebViewNavigationDelegate.m in Sources */,
				6CD18BF32418FF7400F7859A /* CALayer+YJLayer.m in Sources */,
				6CD18BE92418FF7400F7859A /* YJScanQRCodeController.m in Sources */,
				6C8CAAF1241213EC001240CE /* AppDelegate.m in Sources */,
				6CD18BCC2418FF7300F7859A /* YJTextField.m in Sources */,
			);
			runOnlyForDeploymentPostprocessing = 0;
		};
/* End PBXSourcesBuildPhase section */

/* Begin PBXVariantGroup section */
		6C8CAAF5241213EC001240CE /* Main.storyboard */ = {
			isa = PBXVariantGroup;
			children = (
				6C8CAAF6241213EC001240CE /* Base */,
			);
			name = Main.storyboard;
			sourceTree = "<group>";
		};
		6C8CAAFA241213ED001240CE /* LaunchScreen.storyboard */ = {
			isa = PBXVariantGroup;
			children = (
				6C8CAAFB241213ED001240CE /* Base */,
			);
			name = LaunchScreen.storyboard;
			sourceTree = "<group>";
		};
/* End PBXVariantGroup section */

/* Begin XCBuildConfiguration section */
		6C8CAB00241213ED001240CE /* Debug */ = {
			isa = XCBuildConfiguration;
			buildSettings = {
				ALWAYS_SEARCH_USER_PATHS = NO;
				CLANG_ANALYZER_NONNULL = YES;
				CLANG_ANALYZER_NUMBER_OBJECT_CONVERSION = YES_AGGRESSIVE;
				CLANG_CXX_LANGUAGE_STANDARD = "gnu++14";
				CLANG_CXX_LIBRARY = "libc++";
				CLANG_ENABLE_MODULES = YES;
				CLANG_ENABLE_OBJC_ARC = YES;
				CLANG_ENABLE_OBJC_WEAK = YES;
				CLANG_WARN_BLOCK_CAPTURE_AUTORELEASING = YES;
				CLANG_WARN_BOOL_CONVERSION = YES;
				CLANG_WARN_COMMA = YES;
				CLANG_WARN_CONSTANT_CONVERSION = YES;
				CLANG_WARN_DEPRECATED_OBJC_IMPLEMENTATIONS = YES;
				CLANG_WARN_DIRECT_OBJC_ISA_USAGE = YES_ERROR;
				CLANG_WARN_DOCUMENTATION_COMMENTS = YES;
				CLANG_WARN_EMPTY_BODY = YES;
				CLANG_WARN_ENUM_CONVERSION = YES;
				CLANG_WARN_INFINITE_RECURSION = YES;
				CLANG_WARN_INT_CONVERSION = YES;
				CLANG_WARN_NON_LITERAL_NULL_CONVERSION = YES;
				CLANG_WARN_OBJC_IMPLICIT_RETAIN_SELF = YES;
				CLANG_WARN_OBJC_LITERAL_CONVERSION = YES;
				CLANG_WARN_OBJC_ROOT_CLASS = YES_ERROR;
				CLANG_WARN_RANGE_LOOP_ANALYSIS = YES;
				CLANG_WARN_STRICT_PROTOTYPES = YES;
				CLANG_WARN_SUSPICIOUS_MOVE = YES;
				CLANG_WARN_UNGUARDED_AVAILABILITY = YES_AGGRESSIVE;
				CLANG_WARN_UNREACHABLE_CODE = YES;
				CLANG_WARN__DUPLICATE_METHOD_MATCH = YES;
				CODE_SIGN_IDENTITY = "iPhone Developer";
				COPY_PHASE_STRIP = NO;
				DEBUG_INFORMATION_FORMAT = dwarf;
				ENABLE_STRICT_OBJC_MSGSEND = YES;
				ENABLE_TESTABILITY = YES;
				GCC_C_LANGUAGE_STANDARD = gnu11;
				GCC_DYNAMIC_NO_PIC = NO;
				GCC_NO_COMMON_BLOCKS = YES;
				GCC_OPTIMIZATION_LEVEL = 0;
				GCC_PREPROCESSOR_DEFINITIONS = (
					"DEBUG=1",
					"$(inherited)",
				);
				GCC_WARN_64_TO_32_BIT_CONVERSION = YES;
				GCC_WARN_ABOUT_RETURN_TYPE = YES_ERROR;
				GCC_WARN_UNDECLARED_SELECTOR = YES;
				GCC_WARN_UNINITIALIZED_AUTOS = YES_AGGRESSIVE;
				GCC_WARN_UNUSED_FUNCTION = YES;
				GCC_WARN_UNUSED_VARIABLE = YES;
				IPHONEOS_DEPLOYMENT_TARGET = 12.2;
				MTL_ENABLE_DEBUG_INFO = INCLUDE_SOURCE;
				MTL_FAST_MATH = YES;
				ONLY_ACTIVE_ARCH = YES;
				SDKROOT = iphoneos;
			};
			name = Debug;
		};
		6C8CAB01241213ED001240CE /* Release */ = {
			isa = XCBuildConfiguration;
			buildSettings = {
				ALWAYS_SEARCH_USER_PATHS = NO;
				CLANG_ANALYZER_NONNULL = YES;
				CLANG_ANALYZER_NUMBER_OBJECT_CONVERSION = YES_AGGRESSIVE;
				CLANG_CXX_LANGUAGE_STANDARD = "gnu++14";
				CLANG_CXX_LIBRARY = "libc++";
				CLANG_ENABLE_MODULES = YES;
				CLANG_ENABLE_OBJC_ARC = YES;
				CLANG_ENABLE_OBJC_WEAK = YES;
				CLANG_WARN_BLOCK_CAPTURE_AUTORELEASING = YES;
				CLANG_WARN_BOOL_CONVERSION = YES;
				CLANG_WARN_COMMA = YES;
				CLANG_WARN_CONSTANT_CONVERSION = YES;
				CLANG_WARN_DEPRECATED_OBJC_IMPLEMENTATIONS = YES;
				CLANG_WARN_DIRECT_OBJC_ISA_USAGE = YES_ERROR;
				CLANG_WARN_DOCUMENTATION_COMMENTS = YES;
				CLANG_WARN_EMPTY_BODY = YES;
				CLANG_WARN_ENUM_CONVERSION = YES;
				CLANG_WARN_INFINITE_RECURSION = YES;
				CLANG_WARN_INT_CONVERSION = YES;
				CLANG_WARN_NON_LITERAL_NULL_CONVERSION = YES;
				CLANG_WARN_OBJC_IMPLICIT_RETAIN_SELF = YES;
				CLANG_WARN_OBJC_LITERAL_CONVERSION = YES;
				CLANG_WARN_OBJC_ROOT_CLASS = YES_ERROR;
				CLANG_WARN_RANGE_LOOP_ANALYSIS = YES;
				CLANG_WARN_STRICT_PROTOTYPES = YES;
				CLANG_WARN_SUSPICIOUS_MOVE = YES;
				CLANG_WARN_UNGUARDED_AVAILABILITY = YES_AGGRESSIVE;
				CLANG_WARN_UNREACHABLE_CODE = YES;
				CLANG_WARN__DUPLICATE_METHOD_MATCH = YES;
				CODE_SIGN_IDENTITY = "iPhone Developer";
				COPY_PHASE_STRIP = NO;
				DEBUG_INFORMATION_FORMAT = "dwarf-with-dsym";
				ENABLE_NS_ASSERTIONS = NO;
				ENABLE_STRICT_OBJC_MSGSEND = YES;
				GCC_C_LANGUAGE_STANDARD = gnu11;
				GCC_NO_COMMON_BLOCKS = YES;
				GCC_WARN_64_TO_32_BIT_CONVERSION = YES;
				GCC_WARN_ABOUT_RETURN_TYPE = YES_ERROR;
				GCC_WARN_UNDECLARED_SELECTOR = YES;
				GCC_WARN_UNINITIALIZED_AUTOS = YES_AGGRESSIVE;
				GCC_WARN_UNUSED_FUNCTION = YES;
				GCC_WARN_UNUSED_VARIABLE = YES;
				IPHONEOS_DEPLOYMENT_TARGET = 12.2;
				MTL_ENABLE_DEBUG_INFO = NO;
				MTL_FAST_MATH = YES;
				SDKROOT = iphoneos;
				VALIDATE_PRODUCT = YES;
			};
			name = Release;
		};
		6C8CAB03241213ED001240CE /* Debug */ = {
			isa = XCBuildConfiguration;
			baseConfigurationReference = 680C0841B2866A7A7F7247BD /* Pods-YJUIKitDemo.debug.xcconfig */;
			buildSettings = {
				ASSETCATALOG_COMPILER_APPICON_NAME = AppIcon;
				CODE_SIGN_STYLE = Automatic;
				DEVELOPMENT_TEAM = J26ST3TDCL;
				GCC_PREFIX_HEADER = YJUIKitDemo/PrefixHeader.pch;
				INFOPLIST_FILE = YJUIKitDemo/Info.plist;
				IPHONEOS_DEPLOYMENT_TARGET = 9.0;
				LD_RUNPATH_SEARCH_PATHS = (
					"$(inherited)",
					"@executable_path/Frameworks",
				);
				PRODUCT_BUNDLE_IDENTIFIER = com.estronger.YJUIKitDemo;
				PRODUCT_NAME = "$(TARGET_NAME)";
				TARGETED_DEVICE_FAMILY = "1,2";
			};
			name = Debug;
		};
		6C8CAB04241213ED001240CE /* Release */ = {
			isa = XCBuildConfiguration;
			baseConfigurationReference = 5FBCD0050623EF943E19D04C /* Pods-YJUIKitDemo.release.xcconfig */;
			buildSettings = {
				ASSETCATALOG_COMPILER_APPICON_NAME = AppIcon;
				CODE_SIGN_STYLE = Automatic;
				DEVELOPMENT_TEAM = J26ST3TDCL;
				GCC_PREFIX_HEADER = YJUIKitDemo/PrefixHeader.pch;
				INFOPLIST_FILE = YJUIKitDemo/Info.plist;
				IPHONEOS_DEPLOYMENT_TARGET = 9.0;
				LD_RUNPATH_SEARCH_PATHS = (
					"$(inherited)",
					"@executable_path/Frameworks",
				);
				PRODUCT_BUNDLE_IDENTIFIER = com.estronger.YJUIKitDemo;
				PRODUCT_NAME = "$(TARGET_NAME)";
				TARGETED_DEVICE_FAMILY = "1,2";
			};
			name = Release;
		};
/* End XCBuildConfiguration section */

/* Begin XCConfigurationList section */
		6C8CAAE7241213EC001240CE /* Build configuration list for PBXProject "YJUIKitDemo" */ = {
			isa = XCConfigurationList;
			buildConfigurations = (
				6C8CAB00241213ED001240CE /* Debug */,
				6C8CAB01241213ED001240CE /* Release */,
			);
			defaultConfigurationIsVisible = 0;
			defaultConfigurationName = Release;
		};
		6C8CAB02241213ED001240CE /* Build configuration list for PBXNativeTarget "YJUIKitDemo" */ = {
			isa = XCConfigurationList;
			buildConfigurations = (
				6C8CAB03241213ED001240CE /* Debug */,
				6C8CAB04241213ED001240CE /* Release */,
			);
			defaultConfigurationIsVisible = 0;
			defaultConfigurationName = Release;
		};
/* End XCConfigurationList section */
	};
	rootObject = 6C8CAAE4241213EC001240CE /* Project object */;
}
